// !$*UTF8*$!
{
	archiveVersion = 1;
	classes = {
	};
	objectVersion = 46;
	objects = {

/* Begin PBXBuildFile section */
		675ACE251B6EFDB500BFADF7 /* AppDelegate.swift in Sources */ = {isa = PBXBuildFile; fileRef = 675ACE241B6EFDB500BFADF7 /* AppDelegate.swift */; };
		675ACE271B6EFDB500BFADF7 /* ViewController.swift in Sources */ = {isa = PBXBuildFile; fileRef = 675ACE261B6EFDB500BFADF7 /* ViewController.swift */; };
		675ACE2A1B6EFDB500BFADF7 /* Main.storyboard in Resources */ = {isa = PBXBuildFile; fileRef = 675ACE281B6EFDB500BFADF7 /* Main.storyboard */; };
		675ACE2C1B6EFDB500BFADF7 /* Images.xcassets in Resources */ = {isa = PBXBuildFile; fileRef = 675ACE2B1B6EFDB500BFADF7 /* Images.xcassets */; };
		675ACE2F1B6EFDB500BFADF7 /* LaunchScreen.xib in Resources */ = {isa = PBXBuildFile; fileRef = 675ACE2D1B6EFDB500BFADF7 /* LaunchScreen.xib */; };
		675ACE3B1B6EFDB500BFADF7 /* Table_ViewsTests.swift in Sources */ = {isa = PBXBuildFile; fileRef = 675ACE3A1B6EFDB500BFADF7 /* Table_ViewsTests.swift */; };
/* End PBXBuildFile section */

/* Begin PBXContainerItemProxy section */
		675ACE351B6EFDB500BFADF7 /* PBXContainerItemProxy */ = {
			isa = PBXContainerItemProxy;
			containerPortal = 675ACE171B6EFDB500BFADF7 /* Project object */;
			proxyType = 1;
			remoteGlobalIDString = 675ACE1E1B6EFDB500BFADF7;
			remoteInfo = "Table Views";
		};
/* End PBXContainerItemProxy section */

/* Begin PBXFileReference section */
		675ACE1F1B6EFDB500BFADF7 /* Table Views.app */ = {isa = PBXFileReference; explicitFileType = wrapper.application; includeInIndex = 0; path = "Table Views.app"; sourceTree = BUILT_PRODUCTS_DIR; };
		675ACE231B6EFDB500BFADF7 /* Info.plist */ = {isa = PBXFileReference; lastKnownFileType = text.plist.xml; path = Info.plist; sourceTree = "<group>"; };
		675ACE241B6EFDB500BFADF7 /* AppDelegate.swift */ = {isa = PBXFileReference; lastKnownFileType = sourcecode.swift; path = AppDelegate.swift; sourceTree = "<group>"; };
		675ACE261B6EFDB500BFADF7 /* ViewController.swift */ = {isa = PBXFileReference; lastKnownFileType = sourcecode.swift; path = ViewController.swift; sourceTree = "<group>"; };
		675ACE291B6EFDB500BFADF7 /* Base */ = {isa = PBXFileReference; lastKnownFileType = file.storyboard; name = Base; path = Base.lproj/Main.storyboard; sourceTree = "<group>"; };
		675ACE2B1B6EFDB500BFADF7 /* Images.xcassets */ = {isa = PBXFileReference; lastKnownFileType = folder.assetcatalog; path = Images.xcassets; sourceTree = "<group>"; };
		675ACE2E1B6EFDB500BFADF7 /* Base */ = {isa = PBXFileReference; lastKnownFileType = file.xib; name = Base; path = Base.lproj/LaunchScreen.xib; sourceTree = "<group>"; };
		675ACE341B6EFDB500BFADF7 /* Table ViewsTests.xctest */ = {isa = PBXFileReference; explicitFileType = wrapper.cfbundle; includeInIndex = 0; path = "Table ViewsTests.xctest"; sourceTree = BUILT_PRODUCTS_DIR; };
		675ACE391B6EFDB500BFADF7 /* Info.plist */ = {isa = PBXFileReference; lastKnownFileType = text.plist.xml; path = Info.plist; sourceTree = "<group>"; };
		675ACE3A1B6EFDB500BFADF7 /* Table_ViewsTests.swift */ = {isa = PBXFileReference; lastKnownFileType = sourcecode.swift; path = Table_ViewsTests.swift; sourceTree = "<group>"; };
/* End PBXFileReference section */

/* Begin PBXFrameworksBuildPhase section */
		675ACE1C1B6EFDB500BFADF7 /* Frameworks */ = {
			isa = PBXFrameworksBuildPhase;
			buildActionMask = 2147483647;
			files = (
			);
			runOnlyForDeploymentPostprocessing = 0;
		};
		675ACE311B6EFDB500BFADF7 /* Frameworks */ = {
			isa = PBXFrameworksBuildPhase;
			buildActionMask = 2147483647;
			files = (
			);
			runOnlyForDeploymentPostprocessing = 0;
		};
/* End PBXFrameworksBuildPhase section */

/* Begin PBXGroup section */
		675ACE161B6EFDB500BFADF7 = {
			isa = PBXGroup;
			children = (
				675ACE211B6EFDB500BFADF7 /* Table Views */,
				675ACE371B6EFDB500BFADF7 /* Table ViewsTests */,
				675ACE201B6EFDB500BFADF7 /* Products */,
			);
			sourceTree = "<group>";
		};
		675ACE201B6EFDB500BFADF7 /* Products */ = {
			isa = PBXGroup;
			children = (
				675ACE1F1B6EFDB500BFADF7 /* Table Views.app */,
				675ACE341B6EFDB500BFADF7 /* Table ViewsTests.xctest */,
			);
			name = Products;
			sourceTree = "<group>";
		};
		675ACE211B6EFDB500BFADF7 /* Table Views */ = {
			isa = PBXGroup;
			children = (
				675ACE241B6EFDB500BFADF7 /* AppDelegate.swift */,
				675ACE261B6EFDB500BFADF7 /* ViewController.swift */,
				675ACE281B6EFDB500BFADF7 /* Main.storyboard */,
				675ACE2B1B6EFDB500BFADF7 /* Images.xcassets */,
				675ACE2D1B6EFDB500BFADF7 /* LaunchScreen.xib */,
				675ACE221B6EFDB500BFADF7 /* Supporting Files */,
			);
			path = "Table Views";
			sourceTree = "<group>";
		};
		675ACE221B6EFDB500BFADF7 /* Supporting Files */ = {
			isa = PBXGroup;
			children = (
				675ACE231B6EFDB500BFADF7 /* Info.plist */,
			);
			name = "Supporting Files";
			sourceTree = "<group>";
		};
		675ACE371B6EFDB500BFADF7 /* Table ViewsTests */ = {
			isa = PBXGroup;
			children = (
				675ACE3A1B6EFDB500BFADF7 /* Table_ViewsTests.swift */,
				675ACE381B6EFDB500BFADF7 /* Supporting Files */,
			);
			path = "Table ViewsTests";
			sourceTree = "<group>";
		};
		675ACE381B6EFDB500BFADF7 /* Supporting Files */ = {
			isa = PBXGroup;
			children = (
				675ACE391B6EFDB500BFADF7 /* Info.plist */,
			);
			name = "Supporting Files";
			sourceTree = "<group>";
		};
/* End PBXGroup section */

/* Begin PBXNativeTarget section */
		675ACE1E1B6EFDB500BFADF7 /* Table Views */ = {
			isa = PBXNativeTarget;
			buildConfigurationList = 675ACE3E1B6EFDB500BFADF7 /* Build configuration list for PBXNativeTarget "Table Views" */;
			buildPhases = (
				675ACE1B1B6EFDB500BFADF7 /* Sources */,
				675ACE1C1B6EFDB500BFADF7 /* Frameworks */,
				675ACE1D1B6EFDB500BFADF7 /* Resources */,
			);
			buildRules = (
			);
			dependencies = (
			);
			name = "Table Views";
			productName = "Table Views";
			productReference = 675ACE1F1B6EFDB500BFADF7 /* Table Views.app */;
			productType = "com.apple.product-type.application";
		};
		675ACE331B6EFDB500BFADF7 /* Table ViewsTests */ = {
			isa = PBXNativeTarget;
			buildConfigurationList = 675ACE411B6EFDB500BFADF7 /* Build configuration list for PBXNativeTarget "Table ViewsTests" */;
			buildPhases = (
				675ACE301B6EFDB500BFADF7 /* Sources */,
				675ACE311B6EFDB500BFADF7 /* Frameworks */,
				675ACE321B6EFDB500BFADF7 /* Resources */,
			);
			buildRules = (
			);
			dependencies = (
				675ACE361B6EFDB500BFADF7 /* PBXTargetDependency */,
			);
			name = "Table ViewsTests";
			productName = "Table ViewsTests";
			productReference = 675ACE341B6EFDB500BFADF7 /* Table ViewsTests.xctest */;
			productType = "com.apple.product-type.bundle.unit-test";
		};
/* End PBXNativeTarget section */

/* Begin PBXProject section */
		675ACE171B6EFDB500BFADF7 /* Project object */ = {
			isa = PBXProject;
			attributes = {
				LastUpgradeCheck = 0640;
				ORGANIZATIONNAME = "Winfield Tian";
				TargetAttributes = {
					675ACE1E1B6EFDB500BFADF7 = {
						CreatedOnToolsVersion = 6.4;
					};
					675ACE331B6EFDB500BFADF7 = {
						CreatedOnToolsVersion = 6.4;
						TestTargetID = 675ACE1E1B6EFDB500BFADF7;
					};
				};
			};
			buildConfigurationList = 675ACE1A1B6EFDB500BFADF7 /* Build configuration list for PBXProject "Table Views" */;
			compatibilityVersion = "Xcode 3.2";
			developmentRegion = English;
			hasScannedForEncodings = 0;
			knownRegions = (
				en,
				Base,
			);
			mainGroup = 675ACE161B6EFDB500BFADF7;
			productRefGroup = 675ACE201B6EFDB500BFADF7 /* Products */;
			projectDirPath = "";
			projectRoot = "";
			targets = (
				675ACE1E1B6EFDB500BFADF7 /* Table Views */,
				675ACE331B6EFDB500BFADF7 /* Table ViewsTests */,
			);
		};
/* End PBXProject section */

/* Begin PBXResourcesBuildPhase section */
		675ACE1D1B6EFDB500BFADF7 /* Resources */ = {
			isa = PBXResourcesBuildPhase;
			buildActionMask = 2147483647;
			files = (
				675ACE2A1B6EFDB500BFADF7 /* Main.storyboard in Resources */,
				675ACE2F1B6EFDB500BFADF7 /* LaunchScreen.xib in Resources */,
				675ACE2C1B6EFDB500BFADF7 /* Images.xcassets in Resources */,
			);
			runOnlyForDeploymentPostprocessing = 0;
		};
		675ACE321B6EFDB500BFADF7 /* Resources */ = {
			isa = PBXResourcesBuildPhase;
			buildActionMask = 2147483647;
			files = (
			);
			runOnlyForDeploymentPostprocessing = 0;
		};
/* End PBXResourcesBuildPhase section */

/* Begin PBXSourcesBuildPhase section */
		675ACE1B1B6EFDB500BFADF7 /* Sources */ = {
			isa = PBXSourcesBuildPhase;
			buildActionMask = 2147483647;
			files = (
				675ACE271B6EFDB500BFADF7 /* ViewController.swift in Sources */,
				675ACE251B6EFDB500BFADF7 /* AppDelegate.swift in Sources */,
			);
			runOnlyForDeploymentPostprocessing = 0;
		};
		675ACE301B6EFDB500BFADF7 /* Sources */ = {
			isa = PBXSourcesBuildPhase;
			buildActionMask = 2147483647;
			files = (
				675ACE3B1B6EFDB500BFADF7 /* Table_ViewsTests.swift in Sources */,
			);
			runOnlyForDeploymentPostprocessing = 0;
		};
/* End PBXSourcesBuildPhase section */

/* Begin PBXTargetDependency section */
		675ACE361B6EFDB500BFADF7 /* PBXTargetDependency */ = {
			isa = PBXTargetDependency;
			target = 675ACE1E1B6EFDB500BFADF7 /* Table Views */;
			targetProxy = 675ACE351B6EFDB500BFADF7 /* PBXContainerItemProxy */;
		};
/* End PBXTargetDependency section */

/* Begin PBXVariantGroup section */
		675ACE281B6EFDB500BFADF7 /* Main.storyboard */ = {
			isa = PBXVariantGroup;
			children = (
				675ACE291B6EFDB500BFADF7 /* Base */,
			);
			name = Main.storyboard;
			sourceTree = "<group>";
		};
		675ACE2D1B6EFDB500BFADF7 /* LaunchScreen.xib */ = {
			isa = PBXVariantGroup;
			children = (
				675ACE2E1B6EFDB500BFADF7 /* Base */,
			);
			name = LaunchScreen.xib;
			sourceTree = "<group>";
		};
/* End PBXVariantGroup section */

/* Begin XCBuildConfiguration section */
		675ACE3C1B6EFDB500BFADF7 /* Debug */ = {
			isa = XCBuildConfiguration;
			buildSettings = {
				ALWAYS_SEARCH_USER_PATHS = NO;
				CLANG_CXX_LANGUAGE_STANDARD = "gnu++0x";
				CLANG_CXX_LIBRARY = "libc++";
				CLANG_ENABLE_MODULES = YES;
				CLANG_ENABLE_OBJC_ARC = YES;
				CLANG_WARN_BOOL_CONVERSION = YES;
				CLANG_WARN_CONSTANT_CONVERSION = YES;
				CLANG_WARN_DIRECT_OBJC_ISA_USAGE = YES_ERROR;
				CLANG_WARN_EMPTY_BODY = YES;
				CLANG_WARN_ENUM_CONVERSION = YES;
				CLANG_WARN_INT_CONVERSION = YES;
				CLANG_WARN_OBJC_ROOT_CLASS = YES_ERROR;
				CLANG_WARN_UNREACHABLE_CODE = YES;
				CLANG_WARN__DUPLICATE_METHOD_MATCH = YES;
				"CODE_SIGN_IDENTITY[sdk=iphoneos*]" = "iPhone Developer";
				COPY_PHASE_STRIP = NO;
				DEBUG_INFORMATION_FORMAT = "dwarf-with-dsym";
				ENABLE_STRICT_OBJC_MSGSEND = YES;
				GCC_C_LANGUAGE_STANDARD = gnu99;
				GCC_DYNAMIC_NO_PIC = NO;
				GCC_NO_COMMON_BLOCKS = YES;
				GCC_OPTIMIZATION_LEVEL = 0;
				GCC_PREPROCESSOR_DEFINITIONS = (
					"DEBUG=1",
					"$(inherited)",
				);
				GCC_SYMBOLS_PRIVATE_EXTERN = NO;
				GCC_WARN_64_TO_32_BIT_CONVERSION = YES;
				GCC_WARN_ABOUT_RETURN_TYPE = YES_ERROR;
				GCC_WARN_UNDECLARED_SELECTOR = YES;
				GCC_WARN_UNINITIALIZED_AUTOS = YES_AGGRESSIVE;
				GCC_WARN_UNUSED_FUNCTION = YES;
				GCC_WARN_UNUSED_VARIABLE = YES;
				IPHONEOS_DEPLOYMENT_TARGET = 8.4;
				MTL_ENABLE_DEBUG_INFO = YES;
				ONLY_ACTIVE_ARCH = YES;
				SDKROOT = iphoneos;
				SWIFT_OPTIMIZATION_LEVEL = "-Onone";
			};
			name = Debug;
		};
		675ACE3D1B6EFDB500BFADF7 /* Release */ = {
			isa = XCBuildConfiguration;
			buildSettings = {
				ALWAYS_SEARCH_USER_PATHS = NO;
				CLANG_CXX_LANGUAGE_STANDARD = "gnu++0x";
				CLANG_CXX_LIBRARY = "libc++";
				CLANG_ENABLE_MODULES = YES;
				CLANG_ENABLE_OBJC_ARC = YES;
				CLANG_WARN_BOOL_CONVERSION = YES;
				CLANG_WARN_CONSTANT_CONVERSION = YES;
				CLANG_WARN_DIRECT_OBJC_ISA_USAGE = YES_ERROR;
				CLANG_WARN_EMPTY_BODY = YES;
				CLANG_WARN_ENUM_CONVERSION = YES;
				CLANG_WARN_INT_CONVERSION = YES;
				CLANG_WARN_OBJC_ROOT_CLASS = YES_ERROR;
				CLANG_WARN_UNREACHABLE_CODE = YES;
				CLANG_WARN__DUPLICATE_METHOD_MATCH = YES;
				"CODE_SIGN_IDENTITY[sdk=iphoneos*]" = "iPhone Developer";
				COPY_PHASE_STRIP = NO;
				DEBUG_INFORMATION_FORMAT = "dwarf-with-dsym";
				ENABLE_NS_ASSERTIONS = NO;
				ENABLE_STRICT_OBJC_MSGSEND = YES;
				GCC_C_LANGUAGE_STANDARD = gnu99;
				GCC_NO_COMMON_BLOCKS = YES;
				GCC_WARN_64_TO_32_BIT_CONVERSION = YES;
				GCC_WARN_ABOUT_RETURN_TYPE = YES_ERROR;
				GCC_WARN_UNDECLARED_SELECTOR = YES;
				GCC_WARN_UNINITIALIZED_AUTOS = YES_AGGRESSIVE;
				GCC_WARN_UNUSED_FUNCTION = YES;
				GCC_WARN_UNUSED_VARIABLE = YES;
				IPHONEOS_DEPLOYMENT_TARGET = 8.4;
				MTL_ENABLE_DEBUG_INFO = NO;
				SDKROOT = iphoneos;
				VALIDATE_PRODUCT = YES;
			};
			name = Release;
		};
		675ACE3F1B6EFDB500BFADF7 /* Debug */ = {
			isa = XCBuildConfiguration;
			buildSettings = {
				ASSETCATALOG_COMPILER_APPICON_NAME = AppIcon;
				INFOPLIST_FILE = "Table Views/Info.plist";
				LD_RUNPATH_SEARCH_PATHS = "$(inherited) @executable_path/Frameworks";
				PRODUCT_NAME = "$(TARGET_NAME)";
			};
			name = Debug;
		};
		675ACE401B6EFDB500BFADF7 /* Release */ = {
			isa = XCBuildConfiguration;
			buildSettings = {
				ASSETCATALOG_COMPILER_APPICON_NAME = AppIcon;
				INFOPLIST_FILE = "Table Views/Info.plist";
				LD_RUNPATH_SEARCH_PATHS = "$(inherited) @executable_path/Frameworks";
				PRODUCT_NAME = "$(TARGET_NAME)";
			};
			name = Release;
		};
		675ACE421B6EFDB500BFADF7 /* Debug */ = {
			isa = XCBuildConfiguration;
			buildSettings = {
				BUNDLE_LOADER = "$(TEST_HOST)";
				FRAMEWORK_SEARCH_PATHS = (
					"$(SDKROOT)/Developer/Library/Frameworks",
					"$(inherited)",
				);
				GCC_PREPROCESSOR_DEFINITIONS = (
					"DEBUG=1",
					"$(inherited)",
				);
				INFOPLIST_FILE = "Table ViewsTests/Info.plist";
				LD_RUNPATH_SEARCH_PATHS = "$(inherited) @executable_path/Frameworks @loader_path/Frameworks";
				PRODUCT_NAME = "$(TARGET_NAME)";
				TEST_HOST = "$(BUILT_PRODUCTS_DIR)/Table Views.app/Table Views";
			};
			name = Debug;
		};
		675ACE431B6EFDB500BFADF7 /* Release */ = {
			isa = XCBuildConfiguration;
			buildSettings = {
				BUNDLE_LOADER = "$(TEST_HOST)";
				FRAMEWORK_SEARCH_PATHS = (
					"$(SDKROOT)/Developer/Library/Frameworks",
					"$(inherited)",
				);
				INFOPLIST_FILE = "Table ViewsTests/Info.plist";
				LD_RUNPATH_SEARCH_PATHS = "$(inherited) @executable_path/Frameworks @loader_path/Frameworks";
				PRODUCT_NAME = "$(TARGET_NAME)";
				TEST_HOST = "$(BUILT_PRODUCTS_DIR)/Table Views.app/Table Views";
			};
			name = Release;
		};
/* End XCBuildConfiguration section */

/* Begin XCConfigurationList section */
		675ACE1A1B6EFDB500BFADF7 /* Build configuration list for PBXProject "Table Views" */ = {
			isa = XCConfigurationList;
			buildConfigurations = (
				675ACE3C1B6EFDB500BFADF7 /* Debug */,
				675ACE3D1B6EFDB500BFADF7 /* Release */,
			);
			defaultConfigurationIsVisible = 0;
			defaultConfigurationName = Release;
		};
		675ACE3E1B6EFDB500BFADF7 /* Build configuration list for PBXNativeTarget "Table Views" */ = {
			isa = XCConfigurationList;
			buildConfigurations = (
				675ACE3F1B6EFDB500BFADF7 /* Debug */,
				675ACE401B6EFDB500BFADF7 /* Release */,
			);
			defaultConfigurationIsVisible = 0;
		};
		675ACE411B6EFDB500BFADF7 /* Build configuration list for PBXNativeTarget "Table ViewsTests" */ = {
			isa = XCConfigurationList;
			buildConfigurations = (
				675ACE421B6EFDB500BFADF7 /* Debug */,
				675ACE431B6EFDB500BFADF7 /* Release */,
			);
			defaultConfigurationIsVisible = 0;
		};
/* End XCConfigurationList section */
	};
	rootObject = 675ACE171B6EFDB500BFADF7 /* Project object */;
}
