// !$*UTF8*$!
{
	archiveVersion = 1;
	classes = {
	};
	objectVersion = 46;
	objects = {

/* Begin PBXBuildFile section */
		67B8CE031B6DE4DE00C0941F /* AppDelegate.swift in Sources */ = {isa = PBXBuildFile; fileRef = 67B8CE021B6DE4DE00C0941F /* AppDelegate.swift */; };
		67B8CE051B6DE4DE00C0941F /* ViewController.swift in Sources */ = {isa = PBXBuildFile; fileRef = 67B8CE041B6DE4DE00C0941F /* ViewController.swift */; };
		67B8CE081B6DE4DE00C0941F /* Main.storyboard in Resources */ = {isa = PBXBuildFile; fileRef = 67B8CE061B6DE4DE00C0941F /* Main.storyboard */; };
		67B8CE0A1B6DE4DE00C0941F /* Images.xcassets in Resources */ = {isa = PBXBuildFile; fileRef = 67B8CE091B6DE4DE00C0941F /* Images.xcassets */; };
		67B8CE0D1B6DE4DE00C0941F /* LaunchScreen.xib in Resources */ = {isa = PBXBuildFile; fileRef = 67B8CE0B1B6DE4DE00C0941F /* LaunchScreen.xib */; };
		67B8CE191B6DE4DF00C0941F /* Example_AppTests.swift in Sources */ = {isa = PBXBuildFile; fileRef = 67B8CE181B6DE4DF00C0941F /* Example_AppTests.swift */; };
/* End PBXBuildFile section */

/* Begin PBXContainerItemProxy section */
		67B8CE131B6DE4DF00C0941F /* PBXContainerItemProxy */ = {
			isa = PBXContainerItemProxy;
			containerPortal = 67B8CDF51B6DE4DE00C0941F /* Project object */;
			proxyType = 1;
			remoteGlobalIDString = 67B8CDFC1B6DE4DE00C0941F;
			remoteInfo = "Example App";
		};
/* End PBXContainerItemProxy section */

/* Begin PBXFileReference section */
		67B8CDFD1B6DE4DE00C0941F /* Example App.app */ = {isa = PBXFileReference; explicitFileType = wrapper.application; includeInIndex = 0; path = "Example App.app"; sourceTree = BUILT_PRODUCTS_DIR; };
		67B8CE011B6DE4DE00C0941F /* Info.plist */ = {isa = PBXFileReference; lastKnownFileType = text.plist.xml; path = Info.plist; sourceTree = "<group>"; };
		67B8CE021B6DE4DE00C0941F /* AppDelegate.swift */ = {isa = PBXFileReference; lastKnownFileType = sourcecode.swift; path = AppDelegate.swift; sourceTree = "<group>"; };
		67B8CE041B6DE4DE00C0941F /* ViewController.swift */ = {isa = PBXFileReference; lastKnownFileType = sourcecode.swift; path = ViewController.swift; sourceTree = "<group>"; };
		67B8CE071B6DE4DE00C0941F /* Base */ = {isa = PBXFileReference; lastKnownFileType = file.storyboard; name = Base; path = Base.lproj/Main.storyboard; sourceTree = "<group>"; };
		67B8CE091B6DE4DE00C0941F /* Images.xcassets */ = {isa = PBXFileReference; lastKnownFileType = folder.assetcatalog; path = Images.xcassets; sourceTree = "<group>"; };
		67B8CE0C1B6DE4DE00C0941F /* Base */ = {isa = PBXFileReference; lastKnownFileType = file.xib; name = Base; path = Base.lproj/LaunchScreen.xib; sourceTree = "<group>"; };
		67B8CE121B6DE4DF00C0941F /* Example AppTests.xctest */ = {isa = PBXFileReference; explicitFileType = wrapper.cfbundle; includeInIndex = 0; path = "Example AppTests.xctest"; sourceTree = BUILT_PRODUCTS_DIR; };
		67B8CE171B6DE4DF00C0941F /* Info.plist */ = {isa = PBXFileReference; lastKnownFileType = text.plist.xml; path = Info.plist; sourceTree = "<group>"; };
		67B8CE181B6DE4DF00C0941F /* Example_AppTests.swift */ = {isa = PBXFileReference; lastKnownFileType = sourcecode.swift; path = Example_AppTests.swift; sourceTree = "<group>"; };
/* End PBXFileReference section */

/* Begin PBXFrameworksBuildPhase section */
		67B8CDFA1B6DE4DE00C0941F /* Frameworks */ = {
			isa = PBXFrameworksBuildPhase;
			buildActionMask = 2147483647;
			files = (
			);
			runOnlyForDeploymentPostprocessing = 0;
		};
		67B8CE0F1B6DE4DF00C0941F /* Frameworks */ = {
			isa = PBXFrameworksBuildPhase;
			buildActionMask = 2147483647;
			files = (
			);
			runOnlyForDeploymentPostprocessing = 0;
		};
/* End PBXFrameworksBuildPhase section */

/* Begin PBXGroup section */
		67B8CDF41B6DE4DE00C0941F = {
			isa = PBXGroup;
			children = (
				67B8CDFF1B6DE4DE00C0941F /* Example App */,
				67B8CE151B6DE4DF00C0941F /* Example AppTests */,
				67B8CDFE1B6DE4DE00C0941F /* Products */,
			);
			sourceTree = "<group>";
		};
		67B8CDFE1B6DE4DE00C0941F /* Products */ = {
			isa = PBXGroup;
			children = (
				67B8CDFD1B6DE4DE00C0941F /* Example App.app */,
				67B8CE121B6DE4DF00C0941F /* Example AppTests.xctest */,
			);
			name = Products;
			sourceTree = "<group>";
		};
		67B8CDFF1B6DE4DE00C0941F /* Example App */ = {
			isa = PBXGroup;
			children = (
				67B8CE021B6DE4DE00C0941F /* AppDelegate.swift */,
				67B8CE041B6DE4DE00C0941F /* ViewController.swift */,
				67B8CE061B6DE4DE00C0941F /* Main.storyboard */,
				67B8CE091B6DE4DE00C0941F /* Images.xcassets */,
				67B8CE0B1B6DE4DE00C0941F /* LaunchScreen.xib */,
				67B8CE001B6DE4DE00C0941F /* Supporting Files */,
			);
			path = "Example App";
			sourceTree = "<group>";
		};
		67B8CE001B6DE4DE00C0941F /* Supporting Files */ = {
			isa = PBXGroup;
			children = (
				67B8CE011B6DE4DE00C0941F /* Info.plist */,
			);
			name = "Supporting Files";
			sourceTree = "<group>";
		};
		67B8CE151B6DE4DF00C0941F /* Example AppTests */ = {
			isa = PBXGroup;
			children = (
				67B8CE181B6DE4DF00C0941F /* Example_AppTests.swift */,
				67B8CE161B6DE4DF00C0941F /* Supporting Files */,
			);
			path = "Example AppTests";
			sourceTree = "<group>";
		};
		67B8CE161B6DE4DF00C0941F /* Supporting Files */ = {
			isa = PBXGroup;
			children = (
				67B8CE171B6DE4DF00C0941F /* Info.plist */,
			);
			name = "Supporting Files";
			sourceTree = "<group>";
		};
/* End PBXGroup section */

/* Begin PBXNativeTarget section */
		67B8CDFC1B6DE4DE00C0941F /* Example App */ = {
			isa = PBXNativeTarget;
			buildConfigurationList = 67B8CE1C1B6DE4DF00C0941F /* Build configuration list for PBXNativeTarget "Example App" */;
			buildPhases = (
				67B8CDF91B6DE4DE00C0941F /* Sources */,
				67B8CDFA1B6DE4DE00C0941F /* Frameworks */,
				67B8CDFB1B6DE4DE00C0941F /* Resources */,
			);
			buildRules = (
			);
			dependencies = (
			);
			name = "Example App";
			productName = "Example App";
			productReference = 67B8CDFD1B6DE4DE00C0941F /* Example App.app */;
			productType = "com.apple.product-type.application";
		};
		67B8CE111B6DE4DF00C0941F /* Example AppTests */ = {
			isa = PBXNativeTarget;
			buildConfigurationList = 67B8CE1F1B6DE4DF00C0941F /* Build configuration list for PBXNativeTarget "Example AppTests" */;
			buildPhases = (
				67B8CE0E1B6DE4DF00C0941F /* Sources */,
				67B8CE0F1B6DE4DF00C0941F /* Frameworks */,
				67B8CE101B6DE4DF00C0941F /* Resources */,
			);
			buildRules = (
			);
			dependencies = (
				67B8CE141B6DE4DF00C0941F /* PBXTargetDependency */,
			);
			name = "Example AppTests";
			productName = "Example AppTests";
			productReference = 67B8CE121B6DE4DF00C0941F /* Example AppTests.xctest */;
			productType = "com.apple.product-type.bundle.unit-test";
		};
/* End PBXNativeTarget section */

/* Begin PBXProject section */
		67B8CDF51B6DE4DE00C0941F /* Project object */ = {
			isa = PBXProject;
			attributes = {
				LastUpgradeCheck = 0640;
				ORGANIZATIONNAME = "Winfield Tian";
				TargetAttributes = {
					67B8CDFC1B6DE4DE00C0941F = {
						CreatedOnToolsVersion = 6.4;
					};
					67B8CE111B6DE4DF00C0941F = {
						CreatedOnToolsVersion = 6.4;
						TestTargetID = 67B8CDFC1B6DE4DE00C0941F;
					};
				};
			};
			buildConfigurationList = 67B8CDF81B6DE4DE00C0941F /* Build configuration list for PBXProject "Example App" */;
			compatibilityVersion = "Xcode 3.2";
			developmentRegion = English;
			hasScannedForEncodings = 0;
			knownRegions = (
				en,
				Base,
			);
			mainGroup = 67B8CDF41B6DE4DE00C0941F;
			productRefGroup = 67B8CDFE1B6DE4DE00C0941F /* Products */;
			projectDirPath = "";
			projectRoot = "";
			targets = (
				67B8CDFC1B6DE4DE00C0941F /* Example App */,
				67B8CE111B6DE4DF00C0941F /* Example AppTests */,
			);
		};
/* End PBXProject section */

/* Begin PBXResourcesBuildPhase section */
		67B8CDFB1B6DE4DE00C0941F /* Resources */ = {
			isa = PBXResourcesBuildPhase;
			buildActionMask = 2147483647;
			files = (
				67B8CE081B6DE4DE00C0941F /* Main.storyboard in Resources */,
				67B8CE0D1B6DE4DE00C0941F /* LaunchScreen.xib in Resources */,
				67B8CE0A1B6DE4DE00C0941F /* Images.xcassets in Resources */,
			);
			runOnlyForDeploymentPostprocessing = 0;
		};
		67B8CE101B6DE4DF00C0941F /* Resources */ = {
			isa = PBXResourcesBuildPhase;
			buildActionMask = 2147483647;
			files = (
			);
			runOnlyForDeploymentPostprocessing = 0;
		};
/* End PBXResourcesBuildPhase section */

/* Begin PBXSourcesBuildPhase section */
		67B8CDF91B6DE4DE00C0941F /* Sources */ = {
			isa = PBXSourcesBuildPhase;
			buildActionMask = 2147483647;
			files = (
				67B8CE051B6DE4DE00C0941F /* ViewController.swift in Sources */,
				67B8CE031B6DE4DE00C0941F /* AppDelegate.swift in Sources */,
			);
			runOnlyForDeploymentPostprocessing = 0;
		};
		67B8CE0E1B6DE4DF00C0941F /* Sources */ = {
			isa = PBXSourcesBuildPhase;
			buildActionMask = 2147483647;
			files = (
				67B8CE191B6DE4DF00C0941F /* Example_AppTests.swift in Sources */,
			);
			runOnlyForDeploymentPostprocessing = 0;
		};
/* End PBXSourcesBuildPhase section */

/* Begin PBXTargetDependency section */
		67B8CE141B6DE4DF00C0941F /* PBXTargetDependency */ = {
			isa = PBXTargetDependency;
			target = 67B8CDFC1B6DE4DE00C0941F /* Example App */;
			targetProxy = 67B8CE131B6DE4DF00C0941F /* PBXContainerItemProxy */;
		};
/* End PBXTargetDependency section */

/* Begin PBXVariantGroup section */
		67B8CE061B6DE4DE00C0941F /* Main.storyboard */ = {
			isa = PBXVariantGroup;
			children = (
				67B8CE071B6DE4DE00C0941F /* Base */,
			);
			name = Main.storyboard;
			sourceTree = "<group>";
		};
		67B8CE0B1B6DE4DE00C0941F /* LaunchScreen.xib */ = {
			isa = PBXVariantGroup;
			children = (
				67B8CE0C1B6DE4DE00C0941F /* Base */,
			);
			name = LaunchScreen.xib;
			sourceTree = "<group>";
		};
/* End PBXVariantGroup section */

/* Begin XCBuildConfiguration section */
		67B8CE1A1B6DE4DF00C0941F /* Debug */ = {
			isa = XCBuildConfiguration;
			buildSettings = {
				ALWAYS_SEARCH_USER_PATHS = NO;
				CLANG_CXX_LANGUAGE_STANDARD = "gnu++0x";
				CLANG_CXX_LIBRARY = "libc++";
				CLANG_ENABLE_MODULES = YES;
				CLANG_ENABLE_OBJC_ARC = YES;
				CLANG_WARN_BOOL_CONVERSION = YES;
				CLANG_WARN_CONSTANT_CONVERSION = YES;
				CLANG_WARN_DIRECT_OBJC_ISA_USAGE = YES_ERROR;
				CLANG_WARN_EMPTY_BODY = YES;
				CLANG_WARN_ENUM_CONVERSION = YES;
				CLANG_WARN_INT_CONVERSION = YES;
				CLANG_WARN_OBJC_ROOT_CLASS = YES_ERROR;
				CLANG_WARN_UNREACHABLE_CODE = YES;
				CLANG_WARN__DUPLICATE_METHOD_MATCH = YES;
				"CODE_SIGN_IDENTITY[sdk=iphoneos*]" = "iPhone Developer";
				COPY_PHASE_STRIP = NO;
				DEBUG_INFORMATION_FORMAT = "dwarf-with-dsym";
				ENABLE_STRICT_OBJC_MSGSEND = YES;
				GCC_C_LANGUAGE_STANDARD = gnu99;
				GCC_DYNAMIC_NO_PIC = NO;
				GCC_NO_COMMON_BLOCKS = YES;
				GCC_OPTIMIZATION_LEVEL = 0;
				GCC_PREPROCESSOR_DEFINITIONS = (
					"DEBUG=1",
					"$(inherited)",
				);
				GCC_SYMBOLS_PRIVATE_EXTERN = NO;
				GCC_WARN_64_TO_32_BIT_CONVERSION = YES;
				GCC_WARN_ABOUT_RETURN_TYPE = YES_ERROR;
				GCC_WARN_UNDECLARED_SELECTOR = YES;
				GCC_WARN_UNINITIALIZED_AUTOS = YES_AGGRESSIVE;
				GCC_WARN_UNUSED_FUNCTION = YES;
				GCC_WARN_UNUSED_VARIABLE = YES;
				IPHONEOS_DEPLOYMENT_TARGET = 8.4;
				MTL_ENABLE_DEBUG_INFO = YES;
				ONLY_ACTIVE_ARCH = YES;
				SDKROOT = iphoneos;
				SWIFT_OPTIMIZATION_LEVEL = "-Onone";
			};
			name = Debug;
		};
		67B8CE1B1B6DE4DF00C0941F /* Release */ = {
			isa = XCBuildConfiguration;
			buildSettings = {
				ALWAYS_SEARCH_USER_PATHS = NO;
				CLANG_CXX_LANGUAGE_STANDARD = "gnu++0x";
				CLANG_CXX_LIBRARY = "libc++";
				CLANG_ENABLE_MODULES = YES;
				CLANG_ENABLE_OBJC_ARC = YES;
				CLANG_WARN_BOOL_CONVERSION = YES;
				CLANG_WARN_CONSTANT_CONVERSION = YES;
				CLANG_WARN_DIRECT_OBJC_ISA_USAGE = YES_ERROR;
				CLANG_WARN_EMPTY_BODY = YES;
				CLANG_WARN_ENUM_CONVERSION = YES;
				CLANG_WARN_INT_CONVERSION = YES;
				CLANG_WARN_OBJC_ROOT_CLASS = YES_ERROR;
				CLANG_WARN_UNREACHABLE_CODE = YES;
				CLANG_WARN__DUPLICATE_METHOD_MATCH = YES;
				"CODE_SIGN_IDENTITY[sdk=iphoneos*]" = "iPhone Developer";
				COPY_PHASE_STRIP = NO;
				DEBUG_INFORMATION_FORMAT = "dwarf-with-dsym";
				ENABLE_NS_ASSERTIONS = NO;
				ENABLE_STRICT_OBJC_MSGSEND = YES;
				GCC_C_LANGUAGE_STANDARD = gnu99;
				GCC_NO_COMMON_BLOCKS = YES;
				GCC_WARN_64_TO_32_BIT_CONVERSION = YES;
				GCC_WARN_ABOUT_RETURN_TYPE = YES_ERROR;
				GCC_WARN_UNDECLARED_SELECTOR = YES;
				GCC_WARN_UNINITIALIZED_AUTOS = YES_AGGRESSIVE;
				GCC_WARN_UNUSED_FUNCTION = YES;
				GCC_WARN_UNUSED_VARIABLE = YES;
				IPHONEOS_DEPLOYMENT_TARGET = 8.4;
				MTL_ENABLE_DEBUG_INFO = NO;
				SDKROOT = iphoneos;
				VALIDATE_PRODUCT = YES;
			};
			name = Release;
		};
		67B8CE1D1B6DE4DF00C0941F /* Debug */ = {
			isa = XCBuildConfiguration;
			buildSettings = {
				ASSETCATALOG_COMPILER_APPICON_NAME = AppIcon;
				INFOPLIST_FILE = "Example App/Info.plist";
				LD_RUNPATH_SEARCH_PATHS = "$(inherited) @executable_path/Frameworks";
				PRODUCT_NAME = "$(TARGET_NAME)";
			};
			name = Debug;
		};
		67B8CE1E1B6DE4DF00C0941F /* Release */ = {
			isa = XCBuildConfiguration;
			buildSettings = {
				ASSETCATALOG_COMPILER_APPICON_NAME = AppIcon;
				INFOPLIST_FILE = "Example App/Info.plist";
				LD_RUNPATH_SEARCH_PATHS = "$(inherited) @executable_path/Frameworks";
				PRODUCT_NAME = "$(TARGET_NAME)";
			};
			name = Release;
		};
		67B8CE201B6DE4DF00C0941F /* Debug */ = {
			isa = XCBuildConfiguration;
			buildSettings = {
				BUNDLE_LOADER = "$(TEST_HOST)";
				FRAMEWORK_SEARCH_PATHS = (
					"$(SDKROOT)/Developer/Library/Frameworks",
					"$(inherited)",
				);
				GCC_PREPROCESSOR_DEFINITIONS = (
					"DEBUG=1",
					"$(inherited)",
				);
				INFOPLIST_FILE = "Example AppTests/Info.plist";
				LD_RUNPATH_SEARCH_PATHS = "$(inherited) @executable_path/Frameworks @loader_path/Frameworks";
				PRODUCT_NAME = "$(TARGET_NAME)";
				TEST_HOST = "$(BUILT_PRODUCTS_DIR)/Example App.app/Example App";
			};
			name = Debug;
		};
		67B8CE211B6DE4DF00C0941F /* Release */ = {
			isa = XCBuildConfiguration;
			buildSettings = {
				BUNDLE_LOADER = "$(TEST_HOST)";
				FRAMEWORK_SEARCH_PATHS = (
					"$(SDKROOT)/Developer/Library/Frameworks",
					"$(inherited)",
				);
				INFOPLIST_FILE = "Example AppTests/Info.plist";
				LD_RUNPATH_SEARCH_PATHS = "$(inherited) @executable_path/Frameworks @loader_path/Frameworks";
				PRODUCT_NAME = "$(TARGET_NAME)";
				TEST_HOST = "$(BUILT_PRODUCTS_DIR)/Example App.app/Example App";
			};
			name = Release;
		};
/* End XCBuildConfiguration section */

/* Begin XCConfigurationList section */
		67B8CDF81B6DE4DE00C0941F /* Build configuration list for PBXProject "Example App" */ = {
			isa = XCConfigurationList;
			buildConfigurations = (
				67B8CE1A1B6DE4DF00C0941F /* Debug */,
				67B8CE1B1B6DE4DF00C0941F /* Release */,
			);
			defaultConfigurationIsVisible = 0;
			defaultConfigurationName = Release;
		};
		67B8CE1C1B6DE4DF00C0941F /* Build configuration list for PBXNativeTarget "Example App" */ = {
			isa = XCConfigurationList;
			buildConfigurations = (
				67B8CE1D1B6DE4DF00C0941F /* Debug */,
				67B8CE1E1B6DE4DF00C0941F /* Release */,
			);
			defaultConfigurationIsVisible = 0;
		};
		67B8CE1F1B6DE4DF00C0941F /* Build configuration list for PBXNativeTarget "Example AppTests" */ = {
			isa = XCConfigurationList;
			buildConfigurations = (
				67B8CE201B6DE4DF00C0941F /* Debug */,
				67B8CE211B6DE4DF00C0941F /* Release */,
			);
			defaultConfigurationIsVisible = 0;
		};
/* End XCConfigurationList section */
	};
	rootObject = 67B8CDF51B6DE4DE00C0941F /* Project object */;
}
