// !$*UTF8*$!
{
	archiveVersion = 1;
	classes = {
	};
	objectVersion = 46;
	objects = {

/* Begin PBXBuildFile section */
		676C0F921B71A78600D8AD76 /* AppDelegate.swift in Sources */ = {isa = PBXBuildFile; fileRef = 676C0F911B71A78600D8AD76 /* AppDelegate.swift */; };
		676C0F941B71A78600D8AD76 /* ViewController.swift in Sources */ = {isa = PBXBuildFile; fileRef = 676C0F931B71A78600D8AD76 /* ViewController.swift */; };
		676C0F971B71A78600D8AD76 /* Main.storyboard in Resources */ = {isa = PBXBuildFile; fileRef = 676C0F951B71A78600D8AD76 /* Main.storyboard */; };
		676C0F991B71A78600D8AD76 /* Images.xcassets in Resources */ = {isa = PBXBuildFile; fileRef = 676C0F981B71A78600D8AD76 /* Images.xcassets */; };
		676C0F9C1B71A78600D8AD76 /* LaunchScreen.xib in Resources */ = {isa = PBXBuildFile; fileRef = 676C0F9A1B71A78600D8AD76 /* LaunchScreen.xib */; };
		676C0FA81B71A78600D8AD76 /* Downloading_Web_ContentTests.swift in Sources */ = {isa = PBXBuildFile; fileRef = 676C0FA71B71A78600D8AD76 /* Downloading_Web_ContentTests.swift */; };
/* End PBXBuildFile section */

/* Begin PBXContainerItemProxy section */
		676C0FA21B71A78600D8AD76 /* PBXContainerItemProxy */ = {
			isa = PBXContainerItemProxy;
			containerPortal = 676C0F841B71A78600D8AD76 /* Project object */;
			proxyType = 1;
			remoteGlobalIDString = 676C0F8B1B71A78600D8AD76;
			remoteInfo = "Downloading Web Content";
		};
/* End PBXContainerItemProxy section */

/* Begin PBXFileReference section */
		676C0F8C1B71A78600D8AD76 /* Downloading Web Content.app */ = {isa = PBXFileReference; explicitFileType = wrapper.application; includeInIndex = 0; path = "Downloading Web Content.app"; sourceTree = BUILT_PRODUCTS_DIR; };
		676C0F901B71A78600D8AD76 /* Info.plist */ = {isa = PBXFileReference; lastKnownFileType = text.plist.xml; path = Info.plist; sourceTree = "<group>"; };
		676C0F911B71A78600D8AD76 /* AppDelegate.swift */ = {isa = PBXFileReference; lastKnownFileType = sourcecode.swift; path = AppDelegate.swift; sourceTree = "<group>"; };
		676C0F931B71A78600D8AD76 /* ViewController.swift */ = {isa = PBXFileReference; lastKnownFileType = sourcecode.swift; path = ViewController.swift; sourceTree = "<group>"; };
		676C0F961B71A78600D8AD76 /* Base */ = {isa = PBXFileReference; lastKnownFileType = file.storyboard; name = Base; path = Base.lproj/Main.storyboard; sourceTree = "<group>"; };
		676C0F981B71A78600D8AD76 /* Images.xcassets */ = {isa = PBXFileReference; lastKnownFileType = folder.assetcatalog; path = Images.xcassets; sourceTree = "<group>"; };
		676C0F9B1B71A78600D8AD76 /* Base */ = {isa = PBXFileReference; lastKnownFileType = file.xib; name = Base; path = Base.lproj/LaunchScreen.xib; sourceTree = "<group>"; };
		676C0FA11B71A78600D8AD76 /* Downloading Web ContentTests.xctest */ = {isa = PBXFileReference; explicitFileType = wrapper.cfbundle; includeInIndex = 0; path = "Downloading Web ContentTests.xctest"; sourceTree = BUILT_PRODUCTS_DIR; };
		676C0FA61B71A78600D8AD76 /* Info.plist */ = {isa = PBXFileReference; lastKnownFileType = text.plist.xml; path = Info.plist; sourceTree = "<group>"; };
		676C0FA71B71A78600D8AD76 /* Downloading_Web_ContentTests.swift */ = {isa = PBXFileReference; lastKnownFileType = sourcecode.swift; path = Downloading_Web_ContentTests.swift; sourceTree = "<group>"; };
/* End PBXFileReference section */

/* Begin PBXFrameworksBuildPhase section */
		676C0F891B71A78600D8AD76 /* Frameworks */ = {
			isa = PBXFrameworksBuildPhase;
			buildActionMask = 2147483647;
			files = (
			);
			runOnlyForDeploymentPostprocessing = 0;
		};
		676C0F9E1B71A78600D8AD76 /* Frameworks */ = {
			isa = PBXFrameworksBuildPhase;
			buildActionMask = 2147483647;
			files = (
			);
			runOnlyForDeploymentPostprocessing = 0;
		};
/* End PBXFrameworksBuildPhase section */

/* Begin PBXGroup section */
		676C0F831B71A78600D8AD76 = {
			isa = PBXGroup;
			children = (
				676C0F8E1B71A78600D8AD76 /* Downloading Web Content */,
				676C0FA41B71A78600D8AD76 /* Downloading Web ContentTests */,
				676C0F8D1B71A78600D8AD76 /* Products */,
			);
			sourceTree = "<group>";
		};
		676C0F8D1B71A78600D8AD76 /* Products */ = {
			isa = PBXGroup;
			children = (
				676C0F8C1B71A78600D8AD76 /* Downloading Web Content.app */,
				676C0FA11B71A78600D8AD76 /* Downloading Web ContentTests.xctest */,
			);
			name = Products;
			sourceTree = "<group>";
		};
		676C0F8E1B71A78600D8AD76 /* Downloading Web Content */ = {
			isa = PBXGroup;
			children = (
				676C0F911B71A78600D8AD76 /* AppDelegate.swift */,
				676C0F931B71A78600D8AD76 /* ViewController.swift */,
				676C0F951B71A78600D8AD76 /* Main.storyboard */,
				676C0F981B71A78600D8AD76 /* Images.xcassets */,
				676C0F9A1B71A78600D8AD76 /* LaunchScreen.xib */,
				676C0F8F1B71A78600D8AD76 /* Supporting Files */,
			);
			path = "Downloading Web Content";
			sourceTree = "<group>";
		};
		676C0F8F1B71A78600D8AD76 /* Supporting Files */ = {
			isa = PBXGroup;
			children = (
				676C0F901B71A78600D8AD76 /* Info.plist */,
			);
			name = "Supporting Files";
			sourceTree = "<group>";
		};
		676C0FA41B71A78600D8AD76 /* Downloading Web ContentTests */ = {
			isa = PBXGroup;
			children = (
				676C0FA71B71A78600D8AD76 /* Downloading_Web_ContentTests.swift */,
				676C0FA51B71A78600D8AD76 /* Supporting Files */,
			);
			path = "Downloading Web ContentTests";
			sourceTree = "<group>";
		};
		676C0FA51B71A78600D8AD76 /* Supporting Files */ = {
			isa = PBXGroup;
			children = (
				676C0FA61B71A78600D8AD76 /* Info.plist */,
			);
			name = "Supporting Files";
			sourceTree = "<group>";
		};
/* End PBXGroup section */

/* Begin PBXNativeTarget section */
		676C0F8B1B71A78600D8AD76 /* Downloading Web Content */ = {
			isa = PBXNativeTarget;
			buildConfigurationList = 676C0FAB1B71A78600D8AD76 /* Build configuration list for PBXNativeTarget "Downloading Web Content" */;
			buildPhases = (
				676C0F881B71A78600D8AD76 /* Sources */,
				676C0F891B71A78600D8AD76 /* Frameworks */,
				676C0F8A1B71A78600D8AD76 /* Resources */,
			);
			buildRules = (
			);
			dependencies = (
			);
			name = "Downloading Web Content";
			productName = "Downloading Web Content";
			productReference = 676C0F8C1B71A78600D8AD76 /* Downloading Web Content.app */;
			productType = "com.apple.product-type.application";
		};
		676C0FA01B71A78600D8AD76 /* Downloading Web ContentTests */ = {
			isa = PBXNativeTarget;
			buildConfigurationList = 676C0FAE1B71A78600D8AD76 /* Build configuration list for PBXNativeTarget "Downloading Web ContentTests" */;
			buildPhases = (
				676C0F9D1B71A78600D8AD76 /* Sources */,
				676C0F9E1B71A78600D8AD76 /* Frameworks */,
				676C0F9F1B71A78600D8AD76 /* Resources */,
			);
			buildRules = (
			);
			dependencies = (
				676C0FA31B71A78600D8AD76 /* PBXTargetDependency */,
			);
			name = "Downloading Web ContentTests";
			productName = "Downloading Web ContentTests";
			productReference = 676C0FA11B71A78600D8AD76 /* Downloading Web ContentTests.xctest */;
			productType = "com.apple.product-type.bundle.unit-test";
		};
/* End PBXNativeTarget section */

/* Begin PBXProject section */
		676C0F841B71A78600D8AD76 /* Project object */ = {
			isa = PBXProject;
			attributes = {
				LastUpgradeCheck = 0640;
				ORGANIZATIONNAME = "Winfield Tian";
				TargetAttributes = {
					676C0F8B1B71A78600D8AD76 = {
						CreatedOnToolsVersion = 6.4;
					};
					676C0FA01B71A78600D8AD76 = {
						CreatedOnToolsVersion = 6.4;
						TestTargetID = 676C0F8B1B71A78600D8AD76;
					};
				};
			};
			buildConfigurationList = 676C0F871B71A78600D8AD76 /* Build configuration list for PBXProject "Downloading Web Content" */;
			compatibilityVersion = "Xcode 3.2";
			developmentRegion = English;
			hasScannedForEncodings = 0;
			knownRegions = (
				en,
				Base,
			);
			mainGroup = 676C0F831B71A78600D8AD76;
			productRefGroup = 676C0F8D1B71A78600D8AD76 /* Products */;
			projectDirPath = "";
			projectRoot = "";
			targets = (
				676C0F8B1B71A78600D8AD76 /* Downloading Web Content */,
				676C0FA01B71A78600D8AD76 /* Downloading Web ContentTests */,
			);
		};
/* End PBXProject section */

/* Begin PBXResourcesBuildPhase section */
		676C0F8A1B71A78600D8AD76 /* Resources */ = {
			isa = PBXResourcesBuildPhase;
			buildActionMask = 2147483647;
			files = (
				676C0F971B71A78600D8AD76 /* Main.storyboard in Resources */,
				676C0F9C1B71A78600D8AD76 /* LaunchScreen.xib in Resources */,
				676C0F991B71A78600D8AD76 /* Images.xcassets in Resources */,
			);
			runOnlyForDeploymentPostprocessing = 0;
		};
		676C0F9F1B71A78600D8AD76 /* Resources */ = {
			isa = PBXResourcesBuildPhase;
			buildActionMask = 2147483647;
			files = (
			);
			runOnlyForDeploymentPostprocessing = 0;
		};
/* End PBXResourcesBuildPhase section */

/* Begin PBXSourcesBuildPhase section */
		676C0F881B71A78600D8AD76 /* Sources */ = {
			isa = PBXSourcesBuildPhase;
			buildActionMask = 2147483647;
			files = (
				676C0F941B71A78600D8AD76 /* ViewController.swift in Sources */,
				676C0F921B71A78600D8AD76 /* AppDelegate.swift in Sources */,
			);
			runOnlyForDeploymentPostprocessing = 0;
		};
		676C0F9D1B71A78600D8AD76 /* Sources */ = {
			isa = PBXSourcesBuildPhase;
			buildActionMask = 2147483647;
			files = (
				676C0FA81B71A78600D8AD76 /* Downloading_Web_ContentTests.swift in Sources */,
			);
			runOnlyForDeploymentPostprocessing = 0;
		};
/* End PBXSourcesBuildPhase section */

/* Begin PBXTargetDependency section */
		676C0FA31B71A78600D8AD76 /* PBXTargetDependency */ = {
			isa = PBXTargetDependency;
			target = 676C0F8B1B71A78600D8AD76 /* Downloading Web Content */;
			targetProxy = 676C0FA21B71A78600D8AD76 /* PBXContainerItemProxy */;
		};
/* End PBXTargetDependency section */

/* Begin PBXVariantGroup section */
		676C0F951B71A78600D8AD76 /* Main.storyboard */ = {
			isa = PBXVariantGroup;
			children = (
				676C0F961B71A78600D8AD76 /* Base */,
			);
			name = Main.storyboard;
			sourceTree = "<group>";
		};
		676C0F9A1B71A78600D8AD76 /* LaunchScreen.xib */ = {
			isa = PBXVariantGroup;
			children = (
				676C0F9B1B71A78600D8AD76 /* Base */,
			);
			name = LaunchScreen.xib;
			sourceTree = "<group>";
		};
/* End PBXVariantGroup section */

/* Begin XCBuildConfiguration section */
		676C0FA91B71A78600D8AD76 /* Debug */ = {
			isa = XCBuildConfiguration;
			buildSettings = {
				ALWAYS_SEARCH_USER_PATHS = NO;
				CLANG_CXX_LANGUAGE_STANDARD = "gnu++0x";
				CLANG_CXX_LIBRARY = "libc++";
				CLANG_ENABLE_MODULES = YES;
				CLANG_ENABLE_OBJC_ARC = YES;
				CLANG_WARN_BOOL_CONVERSION = YES;
				CLANG_WARN_CONSTANT_CONVERSION = YES;
				CLANG_WARN_DIRECT_OBJC_ISA_USAGE = YES_ERROR;
				CLANG_WARN_EMPTY_BODY = YES;
				CLANG_WARN_ENUM_CONVERSION = YES;
				CLANG_WARN_INT_CONVERSION = YES;
				CLANG_WARN_OBJC_ROOT_CLASS = YES_ERROR;
				CLANG_WARN_UNREACHABLE_CODE = YES;
				CLANG_WARN__DUPLICATE_METHOD_MATCH = YES;
				"CODE_SIGN_IDENTITY[sdk=iphoneos*]" = "iPhone Developer";
				COPY_PHASE_STRIP = NO;
				DEBUG_INFORMATION_FORMAT = "dwarf-with-dsym";
				ENABLE_STRICT_OBJC_MSGSEND = YES;
				GCC_C_LANGUAGE_STANDARD = gnu99;
				GCC_DYNAMIC_NO_PIC = NO;
				GCC_NO_COMMON_BLOCKS = YES;
				GCC_OPTIMIZATION_LEVEL = 0;
				GCC_PREPROCESSOR_DEFINITIONS = (
					"DEBUG=1",
					"$(inherited)",
				);
				GCC_SYMBOLS_PRIVATE_EXTERN = NO;
				GCC_WARN_64_TO_32_BIT_CONVERSION = YES;
				GCC_WARN_ABOUT_RETURN_TYPE = YES_ERROR;
				GCC_WARN_UNDECLARED_SELECTOR = YES;
				GCC_WARN_UNINITIALIZED_AUTOS = YES_AGGRESSIVE;
				GCC_WARN_UNUSED_FUNCTION = YES;
				GCC_WARN_UNUSED_VARIABLE = YES;
				IPHONEOS_DEPLOYMENT_TARGET = 8.4;
				MTL_ENABLE_DEBUG_INFO = YES;
				ONLY_ACTIVE_ARCH = YES;
				SDKROOT = iphoneos;
				SWIFT_OPTIMIZATION_LEVEL = "-Onone";
			};
			name = Debug;
		};
		676C0FAA1B71A78600D8AD76 /* Release */ = {
			isa = XCBuildConfiguration;
			buildSettings = {
				ALWAYS_SEARCH_USER_PATHS = NO;
				CLANG_CXX_LANGUAGE_STANDARD = "gnu++0x";
				CLANG_CXX_LIBRARY = "libc++";
				CLANG_ENABLE_MODULES = YES;
				CLANG_ENABLE_OBJC_ARC = YES;
				CLANG_WARN_BOOL_CONVERSION = YES;
				CLANG_WARN_CONSTANT_CONVERSION = YES;
				CLANG_WARN_DIRECT_OBJC_ISA_USAGE = YES_ERROR;
				CLANG_WARN_EMPTY_BODY = YES;
				CLANG_WARN_ENUM_CONVERSION = YES;
				CLANG_WARN_INT_CONVERSION = YES;
				CLANG_WARN_OBJC_ROOT_CLASS = YES_ERROR;
				CLANG_WARN_UNREACHABLE_CODE = YES;
				CLANG_WARN__DUPLICATE_METHOD_MATCH = YES;
				"CODE_SIGN_IDENTITY[sdk=iphoneos*]" = "iPhone Developer";
				COPY_PHASE_STRIP = NO;
				DEBUG_INFORMATION_FORMAT = "dwarf-with-dsym";
				ENABLE_NS_ASSERTIONS = NO;
				ENABLE_STRICT_OBJC_MSGSEND = YES;
				GCC_C_LANGUAGE_STANDARD = gnu99;
				GCC_NO_COMMON_BLOCKS = YES;
				GCC_WARN_64_TO_32_BIT_CONVERSION = YES;
				GCC_WARN_ABOUT_RETURN_TYPE = YES_ERROR;
				GCC_WARN_UNDECLARED_SELECTOR = YES;
				GCC_WARN_UNINITIALIZED_AUTOS = YES_AGGRESSIVE;
				GCC_WARN_UNUSED_FUNCTION = YES;
				GCC_WARN_UNUSED_VARIABLE = YES;
				IPHONEOS_DEPLOYMENT_TARGET = 8.4;
				MTL_ENABLE_DEBUG_INFO = NO;
				SDKROOT = iphoneos;
				VALIDATE_PRODUCT = YES;
			};
			name = Release;
		};
		676C0FAC1B71A78600D8AD76 /* Debug */ = {
			isa = XCBuildConfiguration;
			buildSettings = {
				ASSETCATALOG_COMPILER_APPICON_NAME = AppIcon;
				INFOPLIST_FILE = "Downloading Web Content/Info.plist";
				LD_RUNPATH_SEARCH_PATHS = "$(inherited) @executable_path/Frameworks";
				PRODUCT_NAME = "$(TARGET_NAME)";
			};
			name = Debug;
		};
		676C0FAD1B71A78600D8AD76 /* Release */ = {
			isa = XCBuildConfiguration;
			buildSettings = {
				ASSETCATALOG_COMPILER_APPICON_NAME = AppIcon;
				INFOPLIST_FILE = "Downloading Web Content/Info.plist";
				LD_RUNPATH_SEARCH_PATHS = "$(inherited) @executable_path/Frameworks";
				PRODUCT_NAME = "$(TARGET_NAME)";
			};
			name = Release;
		};
		676C0FAF1B71A78600D8AD76 /* Debug */ = {
			isa = XCBuildConfiguration;
			buildSettings = {
				BUNDLE_LOADER = "$(TEST_HOST)";
				FRAMEWORK_SEARCH_PATHS = (
					"$(SDKROOT)/Developer/Library/Frameworks",
					"$(inherited)",
				);
				GCC_PREPROCESSOR_DEFINITIONS = (
					"DEBUG=1",
					"$(inherited)",
				);
				INFOPLIST_FILE = "Downloading Web ContentTests/Info.plist";
				LD_RUNPATH_SEARCH_PATHS = "$(inherited) @executable_path/Frameworks @loader_path/Frameworks";
				PRODUCT_NAME = "$(TARGET_NAME)";
				TEST_HOST = "$(BUILT_PRODUCTS_DIR)/Downloading Web Content.app/Downloading Web Content";
			};
			name = Debug;
		};
		676C0FB01B71A78600D8AD76 /* Release */ = {
			isa = XCBuildConfiguration;
			buildSettings = {
				BUNDLE_LOADER = "$(TEST_HOST)";
				FRAMEWORK_SEARCH_PATHS = (
					"$(SDKROOT)/Developer/Library/Frameworks",
					"$(inherited)",
				);
				INFOPLIST_FILE = "Downloading Web ContentTests/Info.plist";
				LD_RUNPATH_SEARCH_PATHS = "$(inherited) @executable_path/Frameworks @loader_path/Frameworks";
				PRODUCT_NAME = "$(TARGET_NAME)";
				TEST_HOST = "$(BUILT_PRODUCTS_DIR)/Downloading Web Content.app/Downloading Web Content";
			};
			name = Release;
		};
/* End XCBuildConfiguration section */

/* Begin XCConfigurationList section */
		676C0F871B71A78600D8AD76 /* Build configuration list for PBXProject "Downloading Web Content" */ = {
			isa = XCConfigurationList;
			buildConfigurations = (
				676C0FA91B71A78600D8AD76 /* Debug */,
				676C0FAA1B71A78600D8AD76 /* Release */,
			);
			defaultConfigurationIsVisible = 0;
			defaultConfigurationName = Release;
		};
		676C0FAB1B71A78600D8AD76 /* Build configuration list for PBXNativeTarget "Downloading Web Content" */ = {
			isa = XCConfigurationList;
			buildConfigurations = (
				676C0FAC1B71A78600D8AD76 /* Debug */,
				676C0FAD1B71A78600D8AD76 /* Release */,
			);
			defaultConfigurationIsVisible = 0;
		};
		676C0FAE1B71A78600D8AD76 /* Build configuration list for PBXNativeTarget "Downloading Web ContentTests" */ = {
			isa = XCConfigurationList;
			buildConfigurations = (
				676C0FAF1B71A78600D8AD76 /* Debug */,
				676C0FB01B71A78600D8AD76 /* Release */,
			);
			defaultConfigurationIsVisible = 0;
		};
/* End XCConfigurationList section */
	};
	rootObject = 676C0F841B71A78600D8AD76 /* Project object */;
}
