// !$*UTF8*$!
{
	archiveVersion = 1;
	classes = {
	};
	objectVersion = 46;
	objects = {

/* Begin PBXBuildFile section */
		67DE0DFD1B81A85000B329BB /* AppDelegate.swift in Sources */ = {isa = PBXBuildFile; fileRef = 67DE0DFC1B81A85000B329BB /* AppDelegate.swift */; };
		67DE0DFF1B81A85000B329BB /* ViewController.swift in Sources */ = {isa = PBXBuildFile; fileRef = 67DE0DFE1B81A85000B329BB /* ViewController.swift */; };
		67DE0E021B81A85000B329BB /* Main.storyboard in Resources */ = {isa = PBXBuildFile; fileRef = 67DE0E001B81A85000B329BB /* Main.storyboard */; };
		67DE0E041B81A85000B329BB /* Images.xcassets in Resources */ = {isa = PBXBuildFile; fileRef = 67DE0E031B81A85000B329BB /* Images.xcassets */; };
		67DE0E071B81A85000B329BB /* LaunchScreen.xib in Resources */ = {isa = PBXBuildFile; fileRef = 67DE0E051B81A85000B329BB /* LaunchScreen.xib */; };
		67DE0E131B81A85000B329BB /* testTests.swift in Sources */ = {isa = PBXBuildFile; fileRef = 67DE0E121B81A85000B329BB /* testTests.swift */; };
/* End PBXBuildFile section */

/* Begin PBXContainerItemProxy section */
		67DE0E0D1B81A85000B329BB /* PBXContainerItemProxy */ = {
			isa = PBXContainerItemProxy;
			containerPortal = 67DE0DEF1B81A85000B329BB /* Project object */;
			proxyType = 1;
			remoteGlobalIDString = 67DE0DF61B81A85000B329BB;
			remoteInfo = test;
		};
/* End PBXContainerItemProxy section */

/* Begin PBXFileReference section */
		67DE0DF71B81A85000B329BB /* test.app */ = {isa = PBXFileReference; explicitFileType = wrapper.application; includeInIndex = 0; path = test.app; sourceTree = BUILT_PRODUCTS_DIR; };
		67DE0DFB1B81A85000B329BB /* Info.plist */ = {isa = PBXFileReference; lastKnownFileType = text.plist.xml; path = Info.plist; sourceTree = "<group>"; };
		67DE0DFC1B81A85000B329BB /* AppDelegate.swift */ = {isa = PBXFileReference; lastKnownFileType = sourcecode.swift; path = AppDelegate.swift; sourceTree = "<group>"; };
		67DE0DFE1B81A85000B329BB /* ViewController.swift */ = {isa = PBXFileReference; lastKnownFileType = sourcecode.swift; path = ViewController.swift; sourceTree = "<group>"; };
		67DE0E011B81A85000B329BB /* Base */ = {isa = PBXFileReference; lastKnownFileType = file.storyboard; name = Base; path = Base.lproj/Main.storyboard; sourceTree = "<group>"; };
		67DE0E031B81A85000B329BB /* Images.xcassets */ = {isa = PBXFileReference; lastKnownFileType = folder.assetcatalog; path = Images.xcassets; sourceTree = "<group>"; };
		67DE0E061B81A85000B329BB /* Base */ = {isa = PBXFileReference; lastKnownFileType = file.xib; name = Base; path = Base.lproj/LaunchScreen.xib; sourceTree = "<group>"; };
		67DE0E0C1B81A85000B329BB /* testTests.xctest */ = {isa = PBXFileReference; explicitFileType = wrapper.cfbundle; includeInIndex = 0; path = testTests.xctest; sourceTree = BUILT_PRODUCTS_DIR; };
		67DE0E111B81A85000B329BB /* Info.plist */ = {isa = PBXFileReference; lastKnownFileType = text.plist.xml; path = Info.plist; sourceTree = "<group>"; };
		67DE0E121B81A85000B329BB /* testTests.swift */ = {isa = PBXFileReference; lastKnownFileType = sourcecode.swift; path = testTests.swift; sourceTree = "<group>"; };
/* End PBXFileReference section */

/* Begin PBXFrameworksBuildPhase section */
		67DE0DF41B81A85000B329BB /* Frameworks */ = {
			isa = PBXFrameworksBuildPhase;
			buildActionMask = 2147483647;
			files = (
			);
			runOnlyForDeploymentPostprocessing = 0;
		};
		67DE0E091B81A85000B329BB /* Frameworks */ = {
			isa = PBXFrameworksBuildPhase;
			buildActionMask = 2147483647;
			files = (
			);
			runOnlyForDeploymentPostprocessing = 0;
		};
/* End PBXFrameworksBuildPhase section */

/* Begin PBXGroup section */
		67DE0DEE1B81A85000B329BB = {
			isa = PBXGroup;
			children = (
				67DE0DF91B81A85000B329BB /* test */,
				67DE0E0F1B81A85000B329BB /* testTests */,
				67DE0DF81B81A85000B329BB /* Products */,
			);
			sourceTree = "<group>";
		};
		67DE0DF81B81A85000B329BB /* Products */ = {
			isa = PBXGroup;
			children = (
				67DE0DF71B81A85000B329BB /* test.app */,
				67DE0E0C1B81A85000B329BB /* testTests.xctest */,
			);
			name = Products;
			sourceTree = "<group>";
		};
		67DE0DF91B81A85000B329BB /* test */ = {
			isa = PBXGroup;
			children = (
				67DE0DFC1B81A85000B329BB /* AppDelegate.swift */,
				67DE0DFE1B81A85000B329BB /* ViewController.swift */,
				67DE0E001B81A85000B329BB /* Main.storyboard */,
				67DE0E031B81A85000B329BB /* Images.xcassets */,
				67DE0E051B81A85000B329BB /* LaunchScreen.xib */,
				67DE0DFA1B81A85000B329BB /* Supporting Files */,
			);
			path = test;
			sourceTree = "<group>";
		};
		67DE0DFA1B81A85000B329BB /* Supporting Files */ = {
			isa = PBXGroup;
			children = (
				67DE0DFB1B81A85000B329BB /* Info.plist */,
			);
			name = "Supporting Files";
			sourceTree = "<group>";
		};
		67DE0E0F1B81A85000B329BB /* testTests */ = {
			isa = PBXGroup;
			children = (
				67DE0E121B81A85000B329BB /* testTests.swift */,
				67DE0E101B81A85000B329BB /* Supporting Files */,
			);
			path = testTests;
			sourceTree = "<group>";
		};
		67DE0E101B81A85000B329BB /* Supporting Files */ = {
			isa = PBXGroup;
			children = (
				67DE0E111B81A85000B329BB /* Info.plist */,
			);
			name = "Supporting Files";
			sourceTree = "<group>";
		};
/* End PBXGroup section */

/* Begin PBXNativeTarget section */
		67DE0DF61B81A85000B329BB /* test */ = {
			isa = PBXNativeTarget;
			buildConfigurationList = 67DE0E161B81A85000B329BB /* Build configuration list for PBXNativeTarget "test" */;
			buildPhases = (
				67DE0DF31B81A85000B329BB /* Sources */,
				67DE0DF41B81A85000B329BB /* Frameworks */,
				67DE0DF51B81A85000B329BB /* Resources */,
			);
			buildRules = (
			);
			dependencies = (
			);
			name = test;
			productName = test;
			productReference = 67DE0DF71B81A85000B329BB /* test.app */;
			productType = "com.apple.product-type.application";
		};
		67DE0E0B1B81A85000B329BB /* testTests */ = {
			isa = PBXNativeTarget;
			buildConfigurationList = 67DE0E191B81A85000B329BB /* Build configuration list for PBXNativeTarget "testTests" */;
			buildPhases = (
				67DE0E081B81A85000B329BB /* Sources */,
				67DE0E091B81A85000B329BB /* Frameworks */,
				67DE0E0A1B81A85000B329BB /* Resources */,
			);
			buildRules = (
			);
			dependencies = (
				67DE0E0E1B81A85000B329BB /* PBXTargetDependency */,
			);
			name = testTests;
			productName = testTests;
			productReference = 67DE0E0C1B81A85000B329BB /* testTests.xctest */;
			productType = "com.apple.product-type.bundle.unit-test";
		};
/* End PBXNativeTarget section */

/* Begin PBXProject section */
		67DE0DEF1B81A85000B329BB /* Project object */ = {
			isa = PBXProject;
			attributes = {
				LastUpgradeCheck = 0640;
				ORGANIZATIONNAME = "Winfield Tian";
				TargetAttributes = {
					67DE0DF61B81A85000B329BB = {
						CreatedOnToolsVersion = 6.4;
					};
					67DE0E0B1B81A85000B329BB = {
						CreatedOnToolsVersion = 6.4;
						TestTargetID = 67DE0DF61B81A85000B329BB;
					};
				};
			};
			buildConfigurationList = 67DE0DF21B81A85000B329BB /* Build configuration list for PBXProject "test" */;
			compatibilityVersion = "Xcode 3.2";
			developmentRegion = English;
			hasScannedForEncodings = 0;
			knownRegions = (
				en,
				Base,
			);
			mainGroup = 67DE0DEE1B81A85000B329BB;
			productRefGroup = 67DE0DF81B81A85000B329BB /* Products */;
			projectDirPath = "";
			projectRoot = "";
			targets = (
				67DE0DF61B81A85000B329BB /* test */,
				67DE0E0B1B81A85000B329BB /* testTests */,
			);
		};
/* End PBXProject section */

/* Begin PBXResourcesBuildPhase section */
		67DE0DF51B81A85000B329BB /* Resources */ = {
			isa = PBXResourcesBuildPhase;
			buildActionMask = 2147483647;
			files = (
				67DE0E021B81A85000B329BB /* Main.storyboard in Resources */,
				67DE0E071B81A85000B329BB /* LaunchScreen.xib in Resources */,
				67DE0E041B81A85000B329BB /* Images.xcassets in Resources */,
			);
			runOnlyForDeploymentPostprocessing = 0;
		};
		67DE0E0A1B81A85000B329BB /* Resources */ = {
			isa = PBXResourcesBuildPhase;
			buildActionMask = 2147483647;
			files = (
			);
			runOnlyForDeploymentPostprocessing = 0;
		};
/* End PBXResourcesBuildPhase section */

/* Begin PBXSourcesBuildPhase section */
		67DE0DF31B81A85000B329BB /* Sources */ = {
			isa = PBXSourcesBuildPhase;
			buildActionMask = 2147483647;
			files = (
				67DE0DFF1B81A85000B329BB /* ViewController.swift in Sources */,
				67DE0DFD1B81A85000B329BB /* AppDelegate.swift in Sources */,
			);
			runOnlyForDeploymentPostprocessing = 0;
		};
		67DE0E081B81A85000B329BB /* Sources */ = {
			isa = PBXSourcesBuildPhase;
			buildActionMask = 2147483647;
			files = (
				67DE0E131B81A85000B329BB /* testTests.swift in Sources */,
			);
			runOnlyForDeploymentPostprocessing = 0;
		};
/* End PBXSourcesBuildPhase section */

/* Begin PBXTargetDependency section */
		67DE0E0E1B81A85000B329BB /* PBXTargetDependency */ = {
			isa = PBXTargetDependency;
			target = 67DE0DF61B81A85000B329BB /* test */;
			targetProxy = 67DE0E0D1B81A85000B329BB /* PBXContainerItemProxy */;
		};
/* End PBXTargetDependency section */

/* Begin PBXVariantGroup section */
		67DE0E001B81A85000B329BB /* Main.storyboard */ = {
			isa = PBXVariantGroup;
			children = (
				67DE0E011B81A85000B329BB /* Base */,
			);
			name = Main.storyboard;
			sourceTree = "<group>";
		};
		67DE0E051B81A85000B329BB /* LaunchScreen.xib */ = {
			isa = PBXVariantGroup;
			children = (
				67DE0E061B81A85000B329BB /* Base */,
			);
			name = LaunchScreen.xib;
			sourceTree = "<group>";
		};
/* End PBXVariantGroup section */

/* Begin XCBuildConfiguration section */
		67DE0E141B81A85000B329BB /* Debug */ = {
			isa = XCBuildConfiguration;
			buildSettings = {
				ALWAYS_SEARCH_USER_PATHS = NO;
				CLANG_CXX_LANGUAGE_STANDARD = "gnu++0x";
				CLANG_CXX_LIBRARY = "libc++";
				CLANG_ENABLE_MODULES = YES;
				CLANG_ENABLE_OBJC_ARC = YES;
				CLANG_WARN_BOOL_CONVERSION = YES;
				CLANG_WARN_CONSTANT_CONVERSION = YES;
				CLANG_WARN_DIRECT_OBJC_ISA_USAGE = YES_ERROR;
				CLANG_WARN_EMPTY_BODY = YES;
				CLANG_WARN_ENUM_CONVERSION = YES;
				CLANG_WARN_INT_CONVERSION = YES;
				CLANG_WARN_OBJC_ROOT_CLASS = YES_ERROR;
				CLANG_WARN_UNREACHABLE_CODE = YES;
				CLANG_WARN__DUPLICATE_METHOD_MATCH = YES;
				"CODE_SIGN_IDENTITY[sdk=iphoneos*]" = "iPhone Developer";
				COPY_PHASE_STRIP = NO;
				DEBUG_INFORMATION_FORMAT = "dwarf-with-dsym";
				ENABLE_STRICT_OBJC_MSGSEND = YES;
				GCC_C_LANGUAGE_STANDARD = gnu99;
				GCC_DYNAMIC_NO_PIC = NO;
				GCC_NO_COMMON_BLOCKS = YES;
				GCC_OPTIMIZATION_LEVEL = 0;
				GCC_PREPROCESSOR_DEFINITIONS = (
					"DEBUG=1",
					"$(inherited)",
				);
				GCC_SYMBOLS_PRIVATE_EXTERN = NO;
				GCC_WARN_64_TO_32_BIT_CONVERSION = YES;
				GCC_WARN_ABOUT_RETURN_TYPE = YES_ERROR;
				GCC_WARN_UNDECLARED_SELECTOR = YES;
				GCC_WARN_UNINITIALIZED_AUTOS = YES_AGGRESSIVE;
				GCC_WARN_UNUSED_FUNCTION = YES;
				GCC_WARN_UNUSED_VARIABLE = YES;
				IPHONEOS_DEPLOYMENT_TARGET = 8.4;
				MTL_ENABLE_DEBUG_INFO = YES;
				ONLY_ACTIVE_ARCH = YES;
				SDKROOT = iphoneos;
				SWIFT_OPTIMIZATION_LEVEL = "-Onone";
			};
			name = Debug;
		};
		67DE0E151B81A85000B329BB /* Release */ = {
			isa = XCBuildConfiguration;
			buildSettings = {
				ALWAYS_SEARCH_USER_PATHS = NO;
				CLANG_CXX_LANGUAGE_STANDARD = "gnu++0x";
				CLANG_CXX_LIBRARY = "libc++";
				CLANG_ENABLE_MODULES = YES;
				CLANG_ENABLE_OBJC_ARC = YES;
				CLANG_WARN_BOOL_CONVERSION = YES;
				CLANG_WARN_CONSTANT_CONVERSION = YES;
				CLANG_WARN_DIRECT_OBJC_ISA_USAGE = YES_ERROR;
				CLANG_WARN_EMPTY_BODY = YES;
				CLANG_WARN_ENUM_CONVERSION = YES;
				CLANG_WARN_INT_CONVERSION = YES;
				CLANG_WARN_OBJC_ROOT_CLASS = YES_ERROR;
				CLANG_WARN_UNREACHABLE_CODE = YES;
				CLANG_WARN__DUPLICATE_METHOD_MATCH = YES;
				"CODE_SIGN_IDENTITY[sdk=iphoneos*]" = "iPhone Developer";
				COPY_PHASE_STRIP = NO;
				DEBUG_INFORMATION_FORMAT = "dwarf-with-dsym";
				ENABLE_NS_ASSERTIONS = NO;
				ENABLE_STRICT_OBJC_MSGSEND = YES;
				GCC_C_LANGUAGE_STANDARD = gnu99;
				GCC_NO_COMMON_BLOCKS = YES;
				GCC_WARN_64_TO_32_BIT_CONVERSION = YES;
				GCC_WARN_ABOUT_RETURN_TYPE = YES_ERROR;
				GCC_WARN_UNDECLARED_SELECTOR = YES;
				GCC_WARN_UNINITIALIZED_AUTOS = YES_AGGRESSIVE;
				GCC_WARN_UNUSED_FUNCTION = YES;
				GCC_WARN_UNUSED_VARIABLE = YES;
				IPHONEOS_DEPLOYMENT_TARGET = 8.4;
				MTL_ENABLE_DEBUG_INFO = NO;
				SDKROOT = iphoneos;
				VALIDATE_PRODUCT = YES;
			};
			name = Release;
		};
		67DE0E171B81A85000B329BB /* Debug */ = {
			isa = XCBuildConfiguration;
			buildSettings = {
				ASSETCATALOG_COMPILER_APPICON_NAME = AppIcon;
				INFOPLIST_FILE = test/Info.plist;
				LD_RUNPATH_SEARCH_PATHS = "$(inherited) @executable_path/Frameworks";
				PRODUCT_NAME = "$(TARGET_NAME)";
			};
			name = Debug;
		};
		67DE0E181B81A85000B329BB /* Release */ = {
			isa = XCBuildConfiguration;
			buildSettings = {
				ASSETCATALOG_COMPILER_APPICON_NAME = AppIcon;
				INFOPLIST_FILE = test/Info.plist;
				LD_RUNPATH_SEARCH_PATHS = "$(inherited) @executable_path/Frameworks";
				PRODUCT_NAME = "$(TARGET_NAME)";
			};
			name = Release;
		};
		67DE0E1A1B81A85000B329BB /* Debug */ = {
			isa = XCBuildConfiguration;
			buildSettings = {
				BUNDLE_LOADER = "$(TEST_HOST)";
				FRAMEWORK_SEARCH_PATHS = (
					"$(SDKROOT)/Developer/Library/Frameworks",
					"$(inherited)",
				);
				GCC_PREPROCESSOR_DEFINITIONS = (
					"DEBUG=1",
					"$(inherited)",
				);
				INFOPLIST_FILE = testTests/Info.plist;
				LD_RUNPATH_SEARCH_PATHS = "$(inherited) @executable_path/Frameworks @loader_path/Frameworks";
				PRODUCT_NAME = "$(TARGET_NAME)";
				TEST_HOST = "$(BUILT_PRODUCTS_DIR)/test.app/test";
			};
			name = Debug;
		};
		67DE0E1B1B81A85000B329BB /* Release */ = {
			isa = XCBuildConfiguration;
			buildSettings = {
				BUNDLE_LOADER = "$(TEST_HOST)";
				FRAMEWORK_SEARCH_PATHS = (
					"$(SDKROOT)/Developer/Library/Frameworks",
					"$(inherited)",
				);
				INFOPLIST_FILE = testTests/Info.plist;
				LD_RUNPATH_SEARCH_PATHS = "$(inherited) @executable_path/Frameworks @loader_path/Frameworks";
				PRODUCT_NAME = "$(TARGET_NAME)";
				TEST_HOST = "$(BUILT_PRODUCTS_DIR)/test.app/test";
			};
			name = Release;
		};
/* End XCBuildConfiguration section */

/* Begin XCConfigurationList section */
		67DE0DF21B81A85000B329BB /* Build configuration list for PBXProject "test" */ = {
			isa = XCConfigurationList;
			buildConfigurations = (
				67DE0E141B81A85000B329BB /* Debug */,
				67DE0E151B81A85000B329BB /* Release */,
			);
			defaultConfigurationIsVisible = 0;
			defaultConfigurationName = Release;
		};
		67DE0E161B81A85000B329BB /* Build configuration list for PBXNativeTarget "test" */ = {
			isa = XCConfigurationList;
			buildConfigurations = (
				67DE0E171B81A85000B329BB /* Debug */,
				67DE0E181B81A85000B329BB /* Release */,
			);
			defaultConfigurationIsVisible = 0;
		};
		67DE0E191B81A85000B329BB /* Build configuration list for PBXNativeTarget "testTests" */ = {
			isa = XCConfigurationList;
			buildConfigurations = (
				67DE0E1A1B81A85000B329BB /* Debug */,
				67DE0E1B1B81A85000B329BB /* Release */,
			);
			defaultConfigurationIsVisible = 0;
		};
/* End XCConfigurationList section */
	};
	rootObject = 67DE0DEF1B81A85000B329BB /* Project object */;
}
