// !$*UTF8*$!
{
	archiveVersion = 1;
	classes = {
	};
	objectVersion = 46;
	objects = {

/* Begin PBXBuildFile section */
		6773DE511B7993D000B9EB96 /* AppDelegate.swift in Sources */ = {isa = PBXBuildFile; fileRef = 6773DE501B7993D000B9EB96 /* AppDelegate.swift */; };
		6773DE531B7993D000B9EB96 /* ViewController.swift in Sources */ = {isa = PBXBuildFile; fileRef = 6773DE521B7993D000B9EB96 /* ViewController.swift */; };
		6773DE561B7993D000B9EB96 /* Main.storyboard in Resources */ = {isa = PBXBuildFile; fileRef = 6773DE541B7993D000B9EB96 /* Main.storyboard */; };
		6773DE581B7993D000B9EB96 /* Images.xcassets in Resources */ = {isa = PBXBuildFile; fileRef = 6773DE571B7993D000B9EB96 /* Images.xcassets */; };
		6773DE5B1B7993D000B9EB96 /* LaunchScreen.xib in Resources */ = {isa = PBXBuildFile; fileRef = 6773DE591B7993D000B9EB96 /* LaunchScreen.xib */; };
		6773DE671B7993D000B9EB96 /* Test_PushTests.swift in Sources */ = {isa = PBXBuildFile; fileRef = 6773DE661B7993D000B9EB96 /* Test_PushTests.swift */; };
/* End PBXBuildFile section */

/* Begin PBXContainerItemProxy section */
		6773DE611B7993D000B9EB96 /* PBXContainerItemProxy */ = {
			isa = PBXContainerItemProxy;
			containerPortal = 6773DE431B7993D000B9EB96 /* Project object */;
			proxyType = 1;
			remoteGlobalIDString = 6773DE4A1B7993D000B9EB96;
			remoteInfo = "Test Push";
		};
/* End PBXContainerItemProxy section */

/* Begin PBXFileReference section */
		6773DE4B1B7993D000B9EB96 /* Test Push.app */ = {isa = PBXFileReference; explicitFileType = wrapper.application; includeInIndex = 0; path = "Test Push.app"; sourceTree = BUILT_PRODUCTS_DIR; };
		6773DE4F1B7993D000B9EB96 /* Info.plist */ = {isa = PBXFileReference; lastKnownFileType = text.plist.xml; path = Info.plist; sourceTree = "<group>"; };
		6773DE501B7993D000B9EB96 /* AppDelegate.swift */ = {isa = PBXFileReference; lastKnownFileType = sourcecode.swift; path = AppDelegate.swift; sourceTree = "<group>"; };
		6773DE521B7993D000B9EB96 /* ViewController.swift */ = {isa = PBXFileReference; lastKnownFileType = sourcecode.swift; path = ViewController.swift; sourceTree = "<group>"; };
		6773DE551B7993D000B9EB96 /* Base */ = {isa = PBXFileReference; lastKnownFileType = file.storyboard; name = Base; path = Base.lproj/Main.storyboard; sourceTree = "<group>"; };
		6773DE571B7993D000B9EB96 /* Images.xcassets */ = {isa = PBXFileReference; lastKnownFileType = folder.assetcatalog; path = Images.xcassets; sourceTree = "<group>"; };
		6773DE5A1B7993D000B9EB96 /* Base */ = {isa = PBXFileReference; lastKnownFileType = file.xib; name = Base; path = Base.lproj/LaunchScreen.xib; sourceTree = "<group>"; };
		6773DE601B7993D000B9EB96 /* Test PushTests.xctest */ = {isa = PBXFileReference; explicitFileType = wrapper.cfbundle; includeInIndex = 0; path = "Test PushTests.xctest"; sourceTree = BUILT_PRODUCTS_DIR; };
		6773DE651B7993D000B9EB96 /* Info.plist */ = {isa = PBXFileReference; lastKnownFileType = text.plist.xml; path = Info.plist; sourceTree = "<group>"; };
		6773DE661B7993D000B9EB96 /* Test_PushTests.swift */ = {isa = PBXFileReference; lastKnownFileType = sourcecode.swift; path = Test_PushTests.swift; sourceTree = "<group>"; };
/* End PBXFileReference section */

/* Begin PBXFrameworksBuildPhase section */
		6773DE481B7993D000B9EB96 /* Frameworks */ = {
			isa = PBXFrameworksBuildPhase;
			buildActionMask = 2147483647;
			files = (
			);
			runOnlyForDeploymentPostprocessing = 0;
		};
		6773DE5D1B7993D000B9EB96 /* Frameworks */ = {
			isa = PBXFrameworksBuildPhase;
			buildActionMask = 2147483647;
			files = (
			);
			runOnlyForDeploymentPostprocessing = 0;
		};
/* End PBXFrameworksBuildPhase section */

/* Begin PBXGroup section */
		6773DE421B7993D000B9EB96 = {
			isa = PBXGroup;
			children = (
				6773DE4D1B7993D000B9EB96 /* Test Push */,
				6773DE631B7993D000B9EB96 /* Test PushTests */,
				6773DE4C1B7993D000B9EB96 /* Products */,
			);
			sourceTree = "<group>";
		};
		6773DE4C1B7993D000B9EB96 /* Products */ = {
			isa = PBXGroup;
			children = (
				6773DE4B1B7993D000B9EB96 /* Test Push.app */,
				6773DE601B7993D000B9EB96 /* Test PushTests.xctest */,
			);
			name = Products;
			sourceTree = "<group>";
		};
		6773DE4D1B7993D000B9EB96 /* Test Push */ = {
			isa = PBXGroup;
			children = (
				6773DE501B7993D000B9EB96 /* AppDelegate.swift */,
				6773DE521B7993D000B9EB96 /* ViewController.swift */,
				6773DE541B7993D000B9EB96 /* Main.storyboard */,
				6773DE571B7993D000B9EB96 /* Images.xcassets */,
				6773DE591B7993D000B9EB96 /* LaunchScreen.xib */,
				6773DE4E1B7993D000B9EB96 /* Supporting Files */,
			);
			path = "Test Push";
			sourceTree = "<group>";
		};
		6773DE4E1B7993D000B9EB96 /* Supporting Files */ = {
			isa = PBXGroup;
			children = (
				6773DE4F1B7993D000B9EB96 /* Info.plist */,
			);
			name = "Supporting Files";
			sourceTree = "<group>";
		};
		6773DE631B7993D000B9EB96 /* Test PushTests */ = {
			isa = PBXGroup;
			children = (
				6773DE661B7993D000B9EB96 /* Test_PushTests.swift */,
				6773DE641B7993D000B9EB96 /* Supporting Files */,
			);
			path = "Test PushTests";
			sourceTree = "<group>";
		};
		6773DE641B7993D000B9EB96 /* Supporting Files */ = {
			isa = PBXGroup;
			children = (
				6773DE651B7993D000B9EB96 /* Info.plist */,
			);
			name = "Supporting Files";
			sourceTree = "<group>";
		};
/* End PBXGroup section */

/* Begin PBXNativeTarget section */
		6773DE4A1B7993D000B9EB96 /* Test Push */ = {
			isa = PBXNativeTarget;
			buildConfigurationList = 6773DE6A1B7993D000B9EB96 /* Build configuration list for PBXNativeTarget "Test Push" */;
			buildPhases = (
				6773DE471B7993D000B9EB96 /* Sources */,
				6773DE481B7993D000B9EB96 /* Frameworks */,
				6773DE491B7993D000B9EB96 /* Resources */,
			);
			buildRules = (
			);
			dependencies = (
			);
			name = "Test Push";
			productName = "Test Push";
			productReference = 6773DE4B1B7993D000B9EB96 /* Test Push.app */;
			productType = "com.apple.product-type.application";
		};
		6773DE5F1B7993D000B9EB96 /* Test PushTests */ = {
			isa = PBXNativeTarget;
			buildConfigurationList = 6773DE6D1B7993D000B9EB96 /* Build configuration list for PBXNativeTarget "Test PushTests" */;
			buildPhases = (
				6773DE5C1B7993D000B9EB96 /* Sources */,
				6773DE5D1B7993D000B9EB96 /* Frameworks */,
				6773DE5E1B7993D000B9EB96 /* Resources */,
			);
			buildRules = (
			);
			dependencies = (
				6773DE621B7993D000B9EB96 /* PBXTargetDependency */,
			);
			name = "Test PushTests";
			productName = "Test PushTests";
			productReference = 6773DE601B7993D000B9EB96 /* Test PushTests.xctest */;
			productType = "com.apple.product-type.bundle.unit-test";
		};
/* End PBXNativeTarget section */

/* Begin PBXProject section */
		6773DE431B7993D000B9EB96 /* Project object */ = {
			isa = PBXProject;
			attributes = {
				LastUpgradeCheck = 0640;
				ORGANIZATIONNAME = "Winfield Tian";
				TargetAttributes = {
					6773DE4A1B7993D000B9EB96 = {
						CreatedOnToolsVersion = 6.4;
					};
					6773DE5F1B7993D000B9EB96 = {
						CreatedOnToolsVersion = 6.4;
						TestTargetID = 6773DE4A1B7993D000B9EB96;
					};
				};
			};
			buildConfigurationList = 6773DE461B7993D000B9EB96 /* Build configuration list for PBXProject "Test Push" */;
			compatibilityVersion = "Xcode 3.2";
			developmentRegion = English;
			hasScannedForEncodings = 0;
			knownRegions = (
				en,
				Base,
			);
			mainGroup = 6773DE421B7993D000B9EB96;
			productRefGroup = 6773DE4C1B7993D000B9EB96 /* Products */;
			projectDirPath = "";
			projectRoot = "";
			targets = (
				6773DE4A1B7993D000B9EB96 /* Test Push */,
				6773DE5F1B7993D000B9EB96 /* Test PushTests */,
			);
		};
/* End PBXProject section */

/* Begin PBXResourcesBuildPhase section */
		6773DE491B7993D000B9EB96 /* Resources */ = {
			isa = PBXResourcesBuildPhase;
			buildActionMask = 2147483647;
			files = (
				6773DE561B7993D000B9EB96 /* Main.storyboard in Resources */,
				6773DE5B1B7993D000B9EB96 /* LaunchScreen.xib in Resources */,
				6773DE581B7993D000B9EB96 /* Images.xcassets in Resources */,
			);
			runOnlyForDeploymentPostprocessing = 0;
		};
		6773DE5E1B7993D000B9EB96 /* Resources */ = {
			isa = PBXResourcesBuildPhase;
			buildActionMask = 2147483647;
			files = (
			);
			runOnlyForDeploymentPostprocessing = 0;
		};
/* End PBXResourcesBuildPhase section */

/* Begin PBXSourcesBuildPhase section */
		6773DE471B7993D000B9EB96 /* Sources */ = {
			isa = PBXSourcesBuildPhase;
			buildActionMask = 2147483647;
			files = (
				6773DE531B7993D000B9EB96 /* ViewController.swift in Sources */,
				6773DE511B7993D000B9EB96 /* AppDelegate.swift in Sources */,
			);
			runOnlyForDeploymentPostprocessing = 0;
		};
		6773DE5C1B7993D000B9EB96 /* Sources */ = {
			isa = PBXSourcesBuildPhase;
			buildActionMask = 2147483647;
			files = (
				6773DE671B7993D000B9EB96 /* Test_PushTests.swift in Sources */,
			);
			runOnlyForDeploymentPostprocessing = 0;
		};
/* End PBXSourcesBuildPhase section */

/* Begin PBXTargetDependency section */
		6773DE621B7993D000B9EB96 /* PBXTargetDependency */ = {
			isa = PBXTargetDependency;
			target = 6773DE4A1B7993D000B9EB96 /* Test Push */;
			targetProxy = 6773DE611B7993D000B9EB96 /* PBXContainerItemProxy */;
		};
/* End PBXTargetDependency section */

/* Begin PBXVariantGroup section */
		6773DE541B7993D000B9EB96 /* Main.storyboard */ = {
			isa = PBXVariantGroup;
			children = (
				6773DE551B7993D000B9EB96 /* Base */,
			);
			name = Main.storyboard;
			sourceTree = "<group>";
		};
		6773DE591B7993D000B9EB96 /* LaunchScreen.xib */ = {
			isa = PBXVariantGroup;
			children = (
				6773DE5A1B7993D000B9EB96 /* Base */,
			);
			name = LaunchScreen.xib;
			sourceTree = "<group>";
		};
/* End PBXVariantGroup section */

/* Begin XCBuildConfiguration section */
		6773DE681B7993D000B9EB96 /* Debug */ = {
			isa = XCBuildConfiguration;
			buildSettings = {
				ALWAYS_SEARCH_USER_PATHS = NO;
				CLANG_CXX_LANGUAGE_STANDARD = "gnu++0x";
				CLANG_CXX_LIBRARY = "libc++";
				CLANG_ENABLE_MODULES = YES;
				CLANG_ENABLE_OBJC_ARC = YES;
				CLANG_WARN_BOOL_CONVERSION = YES;
				CLANG_WARN_CONSTANT_CONVERSION = YES;
				CLANG_WARN_DIRECT_OBJC_ISA_USAGE = YES_ERROR;
				CLANG_WARN_EMPTY_BODY = YES;
				CLANG_WARN_ENUM_CONVERSION = YES;
				CLANG_WARN_INT_CONVERSION = YES;
				CLANG_WARN_OBJC_ROOT_CLASS = YES_ERROR;
				CLANG_WARN_UNREACHABLE_CODE = YES;
				CLANG_WARN__DUPLICATE_METHOD_MATCH = YES;
				"CODE_SIGN_IDENTITY[sdk=iphoneos*]" = "iPhone Developer";
				COPY_PHASE_STRIP = NO;
				DEBUG_INFORMATION_FORMAT = "dwarf-with-dsym";
				ENABLE_STRICT_OBJC_MSGSEND = YES;
				GCC_C_LANGUAGE_STANDARD = gnu99;
				GCC_DYNAMIC_NO_PIC = NO;
				GCC_NO_COMMON_BLOCKS = YES;
				GCC_OPTIMIZATION_LEVEL = 0;
				GCC_PREPROCESSOR_DEFINITIONS = (
					"DEBUG=1",
					"$(inherited)",
				);
				GCC_SYMBOLS_PRIVATE_EXTERN = NO;
				GCC_WARN_64_TO_32_BIT_CONVERSION = YES;
				GCC_WARN_ABOUT_RETURN_TYPE = YES_ERROR;
				GCC_WARN_UNDECLARED_SELECTOR = YES;
				GCC_WARN_UNINITIALIZED_AUTOS = YES_AGGRESSIVE;
				GCC_WARN_UNUSED_FUNCTION = YES;
				GCC_WARN_UNUSED_VARIABLE = YES;
				IPHONEOS_DEPLOYMENT_TARGET = 8.4;
				MTL_ENABLE_DEBUG_INFO = YES;
				ONLY_ACTIVE_ARCH = YES;
				SDKROOT = iphoneos;
				SWIFT_OPTIMIZATION_LEVEL = "-Onone";
			};
			name = Debug;
		};
		6773DE691B7993D000B9EB96 /* Release */ = {
			isa = XCBuildConfiguration;
			buildSettings = {
				ALWAYS_SEARCH_USER_PATHS = NO;
				CLANG_CXX_LANGUAGE_STANDARD = "gnu++0x";
				CLANG_CXX_LIBRARY = "libc++";
				CLANG_ENABLE_MODULES = YES;
				CLANG_ENABLE_OBJC_ARC = YES;
				CLANG_WARN_BOOL_CONVERSION = YES;
				CLANG_WARN_CONSTANT_CONVERSION = YES;
				CLANG_WARN_DIRECT_OBJC_ISA_USAGE = YES_ERROR;
				CLANG_WARN_EMPTY_BODY = YES;
				CLANG_WARN_ENUM_CONVERSION = YES;
				CLANG_WARN_INT_CONVERSION = YES;
				CLANG_WARN_OBJC_ROOT_CLASS = YES_ERROR;
				CLANG_WARN_UNREACHABLE_CODE = YES;
				CLANG_WARN__DUPLICATE_METHOD_MATCH = YES;
				"CODE_SIGN_IDENTITY[sdk=iphoneos*]" = "iPhone Developer";
				COPY_PHASE_STRIP = NO;
				DEBUG_INFORMATION_FORMAT = "dwarf-with-dsym";
				ENABLE_NS_ASSERTIONS = NO;
				ENABLE_STRICT_OBJC_MSGSEND = YES;
				GCC_C_LANGUAGE_STANDARD = gnu99;
				GCC_NO_COMMON_BLOCKS = YES;
				GCC_WARN_64_TO_32_BIT_CONVERSION = YES;
				GCC_WARN_ABOUT_RETURN_TYPE = YES_ERROR;
				GCC_WARN_UNDECLARED_SELECTOR = YES;
				GCC_WARN_UNINITIALIZED_AUTOS = YES_AGGRESSIVE;
				GCC_WARN_UNUSED_FUNCTION = YES;
				GCC_WARN_UNUSED_VARIABLE = YES;
				IPHONEOS_DEPLOYMENT_TARGET = 8.4;
				MTL_ENABLE_DEBUG_INFO = NO;
				SDKROOT = iphoneos;
				VALIDATE_PRODUCT = YES;
			};
			name = Release;
		};
		6773DE6B1B7993D000B9EB96 /* Debug */ = {
			isa = XCBuildConfiguration;
			buildSettings = {
				ASSETCATALOG_COMPILER_APPICON_NAME = AppIcon;
				INFOPLIST_FILE = "Test Push/Info.plist";
				LD_RUNPATH_SEARCH_PATHS = "$(inherited) @executable_path/Frameworks";
				PRODUCT_NAME = "$(TARGET_NAME)";
			};
			name = Debug;
		};
		6773DE6C1B7993D000B9EB96 /* Release */ = {
			isa = XCBuildConfiguration;
			buildSettings = {
				ASSETCATALOG_COMPILER_APPICON_NAME = AppIcon;
				INFOPLIST_FILE = "Test Push/Info.plist";
				LD_RUNPATH_SEARCH_PATHS = "$(inherited) @executable_path/Frameworks";
				PRODUCT_NAME = "$(TARGET_NAME)";
			};
			name = Release;
		};
		6773DE6E1B7993D000B9EB96 /* Debug */ = {
			isa = XCBuildConfiguration;
			buildSettings = {
				BUNDLE_LOADER = "$(TEST_HOST)";
				FRAMEWORK_SEARCH_PATHS = (
					"$(SDKROOT)/Developer/Library/Frameworks",
					"$(inherited)",
				);
				GCC_PREPROCESSOR_DEFINITIONS = (
					"DEBUG=1",
					"$(inherited)",
				);
				INFOPLIST_FILE = "Test PushTests/Info.plist";
				LD_RUNPATH_SEARCH_PATHS = "$(inherited) @executable_path/Frameworks @loader_path/Frameworks";
				PRODUCT_NAME = "$(TARGET_NAME)";
				TEST_HOST = "$(BUILT_PRODUCTS_DIR)/Test Push.app/Test Push";
			};
			name = Debug;
		};
		6773DE6F1B7993D000B9EB96 /* Release */ = {
			isa = XCBuildConfiguration;
			buildSettings = {
				BUNDLE_LOADER = "$(TEST_HOST)";
				FRAMEWORK_SEARCH_PATHS = (
					"$(SDKROOT)/Developer/Library/Frameworks",
					"$(inherited)",
				);
				INFOPLIST_FILE = "Test PushTests/Info.plist";
				LD_RUNPATH_SEARCH_PATHS = "$(inherited) @executable_path/Frameworks @loader_path/Frameworks";
				PRODUCT_NAME = "$(TARGET_NAME)";
				TEST_HOST = "$(BUILT_PRODUCTS_DIR)/Test Push.app/Test Push";
			};
			name = Release;
		};
/* End XCBuildConfiguration section */

/* Begin XCConfigurationList section */
		6773DE461B7993D000B9EB96 /* Build configuration list for PBXProject "Test Push" */ = {
			isa = XCConfigurationList;
			buildConfigurations = (
				6773DE681B7993D000B9EB96 /* Debug */,
				6773DE691B7993D000B9EB96 /* Release */,
			);
			defaultConfigurationIsVisible = 0;
			defaultConfigurationName = Release;
		};
		6773DE6A1B7993D000B9EB96 /* Build configuration list for PBXNativeTarget "Test Push" */ = {
			isa = XCConfigurationList;
			buildConfigurations = (
				6773DE6B1B7993D000B9EB96 /* Debug */,
				6773DE6C1B7993D000B9EB96 /* Release */,
			);
			defaultConfigurationIsVisible = 0;
		};
		6773DE6D1B7993D000B9EB96 /* Build configuration list for PBXNativeTarget "Test PushTests" */ = {
			isa = XCConfigurationList;
			buildConfigurations = (
				6773DE6E1B7993D000B9EB96 /* Debug */,
				6773DE6F1B7993D000B9EB96 /* Release */,
			);
			defaultConfigurationIsVisible = 0;
		};
/* End XCConfigurationList section */
	};
	rootObject = 6773DE431B7993D000B9EB96 /* Project object */;
}
