// !$*UTF8*$!
{
	archiveVersion = 1;
	classes = {
	};
	objectVersion = 46;
	objects = {

/* Begin PBXBuildFile section */
		670D0A161B6DF340008F7076 /* cat.jpeg in Resources */ = {isa = PBXBuildFile; fileRef = 670D0A151B6DF340008F7076 /* cat.jpeg */; };
		67B8CE311B6DF0EF00C0941F /* AppDelegate.swift in Sources */ = {isa = PBXBuildFile; fileRef = 67B8CE301B6DF0EF00C0941F /* AppDelegate.swift */; };
		67B8CE331B6DF0EF00C0941F /* ViewController.swift in Sources */ = {isa = PBXBuildFile; fileRef = 67B8CE321B6DF0EF00C0941F /* ViewController.swift */; };
		67B8CE361B6DF0EF00C0941F /* Main.storyboard in Resources */ = {isa = PBXBuildFile; fileRef = 67B8CE341B6DF0EF00C0941F /* Main.storyboard */; };
		67B8CE381B6DF0EF00C0941F /* Images.xcassets in Resources */ = {isa = PBXBuildFile; fileRef = 67B8CE371B6DF0EF00C0941F /* Images.xcassets */; };
		67B8CE3B1B6DF0EF00C0941F /* LaunchScreen.xib in Resources */ = {isa = PBXBuildFile; fileRef = 67B8CE391B6DF0EF00C0941F /* LaunchScreen.xib */; };
		67B8CE471B6DF0EF00C0941F /* Cat_YearsTests.swift in Sources */ = {isa = PBXBuildFile; fileRef = 67B8CE461B6DF0EF00C0941F /* Cat_YearsTests.swift */; };
/* End PBXBuildFile section */

/* Begin PBXContainerItemProxy section */
		67B8CE411B6DF0EF00C0941F /* PBXContainerItemProxy */ = {
			isa = PBXContainerItemProxy;
			containerPortal = 67B8CE231B6DF0EE00C0941F /* Project object */;
			proxyType = 1;
			remoteGlobalIDString = 67B8CE2A1B6DF0EF00C0941F;
			remoteInfo = "Cat Years";
		};
/* End PBXContainerItemProxy section */

/* Begin PBXFileReference section */
		670D0A151B6DF340008F7076 /* cat.jpeg */ = {isa = PBXFileReference; lastKnownFileType = image.jpeg; path = cat.jpeg; sourceTree = "<group>"; };
		67B8CE2B1B6DF0EF00C0941F /* Cat Years.app */ = {isa = PBXFileReference; explicitFileType = wrapper.application; includeInIndex = 0; path = "Cat Years.app"; sourceTree = BUILT_PRODUCTS_DIR; };
		67B8CE2F1B6DF0EF00C0941F /* Info.plist */ = {isa = PBXFileReference; lastKnownFileType = text.plist.xml; path = Info.plist; sourceTree = "<group>"; };
		67B8CE301B6DF0EF00C0941F /* AppDelegate.swift */ = {isa = PBXFileReference; lastKnownFileType = sourcecode.swift; path = AppDelegate.swift; sourceTree = "<group>"; };
		67B8CE321B6DF0EF00C0941F /* ViewController.swift */ = {isa = PBXFileReference; lastKnownFileType = sourcecode.swift; path = ViewController.swift; sourceTree = "<group>"; };
		67B8CE351B6DF0EF00C0941F /* Base */ = {isa = PBXFileReference; lastKnownFileType = file.storyboard; name = Base; path = Base.lproj/Main.storyboard; sourceTree = "<group>"; };
		67B8CE371B6DF0EF00C0941F /* Images.xcassets */ = {isa = PBXFileReference; lastKnownFileType = folder.assetcatalog; path = Images.xcassets; sourceTree = "<group>"; };
		67B8CE3A1B6DF0EF00C0941F /* Base */ = {isa = PBXFileReference; lastKnownFileType = file.xib; name = Base; path = Base.lproj/LaunchScreen.xib; sourceTree = "<group>"; };
		67B8CE401B6DF0EF00C0941F /* Cat YearsTests.xctest */ = {isa = PBXFileReference; explicitFileType = wrapper.cfbundle; includeInIndex = 0; path = "Cat YearsTests.xctest"; sourceTree = BUILT_PRODUCTS_DIR; };
		67B8CE451B6DF0EF00C0941F /* Info.plist */ = {isa = PBXFileReference; lastKnownFileType = text.plist.xml; path = Info.plist; sourceTree = "<group>"; };
		67B8CE461B6DF0EF00C0941F /* Cat_YearsTests.swift */ = {isa = PBXFileReference; lastKnownFileType = sourcecode.swift; path = Cat_YearsTests.swift; sourceTree = "<group>"; };
/* End PBXFileReference section */

/* Begin PBXFrameworksBuildPhase section */
		67B8CE281B6DF0EF00C0941F /* Frameworks */ = {
			isa = PBXFrameworksBuildPhase;
			buildActionMask = 2147483647;
			files = (
			);
			runOnlyForDeploymentPostprocessing = 0;
		};
		67B8CE3D1B6DF0EF00C0941F /* Frameworks */ = {
			isa = PBXFrameworksBuildPhase;
			buildActionMask = 2147483647;
			files = (
			);
			runOnlyForDeploymentPostprocessing = 0;
		};
/* End PBXFrameworksBuildPhase section */

/* Begin PBXGroup section */
		67B8CE221B6DF0EE00C0941F = {
			isa = PBXGroup;
			children = (
				67B8CE2D1B6DF0EF00C0941F /* Cat Years */,
				67B8CE431B6DF0EF00C0941F /* Cat YearsTests */,
				67B8CE2C1B6DF0EF00C0941F /* Products */,
			);
			sourceTree = "<group>";
		};
		67B8CE2C1B6DF0EF00C0941F /* Products */ = {
			isa = PBXGroup;
			children = (
				67B8CE2B1B6DF0EF00C0941F /* Cat Years.app */,
				67B8CE401B6DF0EF00C0941F /* Cat YearsTests.xctest */,
			);
			name = Products;
			sourceTree = "<group>";
		};
		67B8CE2D1B6DF0EF00C0941F /* Cat Years */ = {
			isa = PBXGroup;
			children = (
				67B8CE301B6DF0EF00C0941F /* AppDelegate.swift */,
				67B8CE321B6DF0EF00C0941F /* ViewController.swift */,
				67B8CE341B6DF0EF00C0941F /* Main.storyboard */,
				67B8CE371B6DF0EF00C0941F /* Images.xcassets */,
				670D0A151B6DF340008F7076 /* cat.jpeg */,
				67B8CE391B6DF0EF00C0941F /* LaunchScreen.xib */,
				67B8CE2E1B6DF0EF00C0941F /* Supporting Files */,
			);
			path = "Cat Years";
			sourceTree = "<group>";
		};
		67B8CE2E1B6DF0EF00C0941F /* Supporting Files */ = {
			isa = PBXGroup;
			children = (
				67B8CE2F1B6DF0EF00C0941F /* Info.plist */,
			);
			name = "Supporting Files";
			sourceTree = "<group>";
		};
		67B8CE431B6DF0EF00C0941F /* Cat YearsTests */ = {
			isa = PBXGroup;
			children = (
				67B8CE461B6DF0EF00C0941F /* Cat_YearsTests.swift */,
				67B8CE441B6DF0EF00C0941F /* Supporting Files */,
			);
			path = "Cat YearsTests";
			sourceTree = "<group>";
		};
		67B8CE441B6DF0EF00C0941F /* Supporting Files */ = {
			isa = PBXGroup;
			children = (
				67B8CE451B6DF0EF00C0941F /* Info.plist */,
			);
			name = "Supporting Files";
			sourceTree = "<group>";
		};
/* End PBXGroup section */

/* Begin PBXNativeTarget section */
		67B8CE2A1B6DF0EF00C0941F /* Cat Years */ = {
			isa = PBXNativeTarget;
			buildConfigurationList = 67B8CE4A1B6DF0EF00C0941F /* Build configuration list for PBXNativeTarget "Cat Years" */;
			buildPhases = (
				67B8CE271B6DF0EF00C0941F /* Sources */,
				67B8CE281B6DF0EF00C0941F /* Frameworks */,
				67B8CE291B6DF0EF00C0941F /* Resources */,
			);
			buildRules = (
			);
			dependencies = (
			);
			name = "Cat Years";
			productName = "Cat Years";
			productReference = 67B8CE2B1B6DF0EF00C0941F /* Cat Years.app */;
			productType = "com.apple.product-type.application";
		};
		67B8CE3F1B6DF0EF00C0941F /* Cat YearsTests */ = {
			isa = PBXNativeTarget;
			buildConfigurationList = 67B8CE4D1B6DF0EF00C0941F /* Build configuration list for PBXNativeTarget "Cat YearsTests" */;
			buildPhases = (
				67B8CE3C1B6DF0EF00C0941F /* Sources */,
				67B8CE3D1B6DF0EF00C0941F /* Frameworks */,
				67B8CE3E1B6DF0EF00C0941F /* Resources */,
			);
			buildRules = (
			);
			dependencies = (
				67B8CE421B6DF0EF00C0941F /* PBXTargetDependency */,
			);
			name = "Cat YearsTests";
			productName = "Cat YearsTests";
			productReference = 67B8CE401B6DF0EF00C0941F /* Cat YearsTests.xctest */;
			productType = "com.apple.product-type.bundle.unit-test";
		};
/* End PBXNativeTarget section */

/* Begin PBXProject section */
		67B8CE231B6DF0EE00C0941F /* Project object */ = {
			isa = PBXProject;
			attributes = {
				LastUpgradeCheck = 0640;
				ORGANIZATIONNAME = "Winfield Tian";
				TargetAttributes = {
					67B8CE2A1B6DF0EF00C0941F = {
						CreatedOnToolsVersion = 6.4;
					};
					67B8CE3F1B6DF0EF00C0941F = {
						CreatedOnToolsVersion = 6.4;
						TestTargetID = 67B8CE2A1B6DF0EF00C0941F;
					};
				};
			};
			buildConfigurationList = 67B8CE261B6DF0EE00C0941F /* Build configuration list for PBXProject "Cat Years" */;
			compatibilityVersion = "Xcode 3.2";
			developmentRegion = English;
			hasScannedForEncodings = 0;
			knownRegions = (
				en,
				Base,
			);
			mainGroup = 67B8CE221B6DF0EE00C0941F;
			productRefGroup = 67B8CE2C1B6DF0EF00C0941F /* Products */;
			projectDirPath = "";
			projectRoot = "";
			targets = (
				67B8CE2A1B6DF0EF00C0941F /* Cat Years */,
				67B8CE3F1B6DF0EF00C0941F /* Cat YearsTests */,
			);
		};
/* End PBXProject section */

/* Begin PBXResourcesBuildPhase section */
		67B8CE291B6DF0EF00C0941F /* Resources */ = {
			isa = PBXResourcesBuildPhase;
			buildActionMask = 2147483647;
			files = (
				670D0A161B6DF340008F7076 /* cat.jpeg in Resources */,
				67B8CE361B6DF0EF00C0941F /* Main.storyboard in Resources */,
				67B8CE3B1B6DF0EF00C0941F /* LaunchScreen.xib in Resources */,
				67B8CE381B6DF0EF00C0941F /* Images.xcassets in Resources */,
			);
			runOnlyForDeploymentPostprocessing = 0;
		};
		67B8CE3E1B6DF0EF00C0941F /* Resources */ = {
			isa = PBXResourcesBuildPhase;
			buildActionMask = 2147483647;
			files = (
			);
			runOnlyForDeploymentPostprocessing = 0;
		};
/* End PBXResourcesBuildPhase section */

/* Begin PBXSourcesBuildPhase section */
		67B8CE271B6DF0EF00C0941F /* Sources */ = {
			isa = PBXSourcesBuildPhase;
			buildActionMask = 2147483647;
			files = (
				67B8CE331B6DF0EF00C0941F /* ViewController.swift in Sources */,
				67B8CE311B6DF0EF00C0941F /* AppDelegate.swift in Sources */,
			);
			runOnlyForDeploymentPostprocessing = 0;
		};
		67B8CE3C1B6DF0EF00C0941F /* Sources */ = {
			isa = PBXSourcesBuildPhase;
			buildActionMask = 2147483647;
			files = (
				67B8CE471B6DF0EF00C0941F /* Cat_YearsTests.swift in Sources */,
			);
			runOnlyForDeploymentPostprocessing = 0;
		};
/* End PBXSourcesBuildPhase section */

/* Begin PBXTargetDependency section */
		67B8CE421B6DF0EF00C0941F /* PBXTargetDependency */ = {
			isa = PBXTargetDependency;
			target = 67B8CE2A1B6DF0EF00C0941F /* Cat Years */;
			targetProxy = 67B8CE411B6DF0EF00C0941F /* PBXContainerItemProxy */;
		};
/* End PBXTargetDependency section */

/* Begin PBXVariantGroup section */
		67B8CE341B6DF0EF00C0941F /* Main.storyboard */ = {
			isa = PBXVariantGroup;
			children = (
				67B8CE351B6DF0EF00C0941F /* Base */,
			);
			name = Main.storyboard;
			sourceTree = "<group>";
		};
		67B8CE391B6DF0EF00C0941F /* LaunchScreen.xib */ = {
			isa = PBXVariantGroup;
			children = (
				67B8CE3A1B6DF0EF00C0941F /* Base */,
			);
			name = LaunchScreen.xib;
			sourceTree = "<group>";
		};
/* End PBXVariantGroup section */

/* Begin XCBuildConfiguration section */
		67B8CE481B6DF0EF00C0941F /* Debug */ = {
			isa = XCBuildConfiguration;
			buildSettings = {
				ALWAYS_SEARCH_USER_PATHS = NO;
				CLANG_CXX_LANGUAGE_STANDARD = "gnu++0x";
				CLANG_CXX_LIBRARY = "libc++";
				CLANG_ENABLE_MODULES = YES;
				CLANG_ENABLE_OBJC_ARC = YES;
				CLANG_WARN_BOOL_CONVERSION = YES;
				CLANG_WARN_CONSTANT_CONVERSION = YES;
				CLANG_WARN_DIRECT_OBJC_ISA_USAGE = YES_ERROR;
				CLANG_WARN_EMPTY_BODY = YES;
				CLANG_WARN_ENUM_CONVERSION = YES;
				CLANG_WARN_INT_CONVERSION = YES;
				CLANG_WARN_OBJC_ROOT_CLASS = YES_ERROR;
				CLANG_WARN_UNREACHABLE_CODE = YES;
				CLANG_WARN__DUPLICATE_METHOD_MATCH = YES;
				"CODE_SIGN_IDENTITY[sdk=iphoneos*]" = "iPhone Developer";
				COPY_PHASE_STRIP = NO;
				DEBUG_INFORMATION_FORMAT = "dwarf-with-dsym";
				ENABLE_STRICT_OBJC_MSGSEND = YES;
				GCC_C_LANGUAGE_STANDARD = gnu99;
				GCC_DYNAMIC_NO_PIC = NO;
				GCC_NO_COMMON_BLOCKS = YES;
				GCC_OPTIMIZATION_LEVEL = 0;
				GCC_PREPROCESSOR_DEFINITIONS = (
					"DEBUG=1",
					"$(inherited)",
				);
				GCC_SYMBOLS_PRIVATE_EXTERN = NO;
				GCC_WARN_64_TO_32_BIT_CONVERSION = YES;
				GCC_WARN_ABOUT_RETURN_TYPE = YES_ERROR;
				GCC_WARN_UNDECLARED_SELECTOR = YES;
				GCC_WARN_UNINITIALIZED_AUTOS = YES_AGGRESSIVE;
				GCC_WARN_UNUSED_FUNCTION = YES;
				GCC_WARN_UNUSED_VARIABLE = YES;
				IPHONEOS_DEPLOYMENT_TARGET = 8.4;
				MTL_ENABLE_DEBUG_INFO = YES;
				ONLY_ACTIVE_ARCH = YES;
				SDKROOT = iphoneos;
				SWIFT_OPTIMIZATION_LEVEL = "-Onone";
			};
			name = Debug;
		};
		67B8CE491B6DF0EF00C0941F /* Release */ = {
			isa = XCBuildConfiguration;
			buildSettings = {
				ALWAYS_SEARCH_USER_PATHS = NO;
				CLANG_CXX_LANGUAGE_STANDARD = "gnu++0x";
				CLANG_CXX_LIBRARY = "libc++";
				CLANG_ENABLE_MODULES = YES;
				CLANG_ENABLE_OBJC_ARC = YES;
				CLANG_WARN_BOOL_CONVERSION = YES;
				CLANG_WARN_CONSTANT_CONVERSION = YES;
				CLANG_WARN_DIRECT_OBJC_ISA_USAGE = YES_ERROR;
				CLANG_WARN_EMPTY_BODY = YES;
				CLANG_WARN_ENUM_CONVERSION = YES;
				CLANG_WARN_INT_CONVERSION = YES;
				CLANG_WARN_OBJC_ROOT_CLASS = YES_ERROR;
				CLANG_WARN_UNREACHABLE_CODE = YES;
				CLANG_WARN__DUPLICATE_METHOD_MATCH = YES;
				"CODE_SIGN_IDENTITY[sdk=iphoneos*]" = "iPhone Developer";
				COPY_PHASE_STRIP = NO;
				DEBUG_INFORMATION_FORMAT = "dwarf-with-dsym";
				ENABLE_NS_ASSERTIONS = NO;
				ENABLE_STRICT_OBJC_MSGSEND = YES;
				GCC_C_LANGUAGE_STANDARD = gnu99;
				GCC_NO_COMMON_BLOCKS = YES;
				GCC_WARN_64_TO_32_BIT_CONVERSION = YES;
				GCC_WARN_ABOUT_RETURN_TYPE = YES_ERROR;
				GCC_WARN_UNDECLARED_SELECTOR = YES;
				GCC_WARN_UNINITIALIZED_AUTOS = YES_AGGRESSIVE;
				GCC_WARN_UNUSED_FUNCTION = YES;
				GCC_WARN_UNUSED_VARIABLE = YES;
				IPHONEOS_DEPLOYMENT_TARGET = 8.4;
				MTL_ENABLE_DEBUG_INFO = NO;
				SDKROOT = iphoneos;
				VALIDATE_PRODUCT = YES;
			};
			name = Release;
		};
		67B8CE4B1B6DF0EF00C0941F /* Debug */ = {
			isa = XCBuildConfiguration;
			buildSettings = {
				ASSETCATALOG_COMPILER_APPICON_NAME = AppIcon;
				INFOPLIST_FILE = "Cat Years/Info.plist";
				LD_RUNPATH_SEARCH_PATHS = "$(inherited) @executable_path/Frameworks";
				PRODUCT_NAME = "$(TARGET_NAME)";
			};
			name = Debug;
		};
		67B8CE4C1B6DF0EF00C0941F /* Release */ = {
			isa = XCBuildConfiguration;
			buildSettings = {
				ASSETCATALOG_COMPILER_APPICON_NAME = AppIcon;
				INFOPLIST_FILE = "Cat Years/Info.plist";
				LD_RUNPATH_SEARCH_PATHS = "$(inherited) @executable_path/Frameworks";
				PRODUCT_NAME = "$(TARGET_NAME)";
			};
			name = Release;
		};
		67B8CE4E1B6DF0EF00C0941F /* Debug */ = {
			isa = XCBuildConfiguration;
			buildSettings = {
				BUNDLE_LOADER = "$(TEST_HOST)";
				FRAMEWORK_SEARCH_PATHS = (
					"$(SDKROOT)/Developer/Library/Frameworks",
					"$(inherited)",
				);
				GCC_PREPROCESSOR_DEFINITIONS = (
					"DEBUG=1",
					"$(inherited)",
				);
				INFOPLIST_FILE = "Cat YearsTests/Info.plist";
				LD_RUNPATH_SEARCH_PATHS = "$(inherited) @executable_path/Frameworks @loader_path/Frameworks";
				PRODUCT_NAME = "$(TARGET_NAME)";
				TEST_HOST = "$(BUILT_PRODUCTS_DIR)/Cat Years.app/Cat Years";
			};
			name = Debug;
		};
		67B8CE4F1B6DF0EF00C0941F /* Release */ = {
			isa = XCBuildConfiguration;
			buildSettings = {
				BUNDLE_LOADER = "$(TEST_HOST)";
				FRAMEWORK_SEARCH_PATHS = (
					"$(SDKROOT)/Developer/Library/Frameworks",
					"$(inherited)",
				);
				INFOPLIST_FILE = "Cat YearsTests/Info.plist";
				LD_RUNPATH_SEARCH_PATHS = "$(inherited) @executable_path/Frameworks @loader_path/Frameworks";
				PRODUCT_NAME = "$(TARGET_NAME)";
				TEST_HOST = "$(BUILT_PRODUCTS_DIR)/Cat Years.app/Cat Years";
			};
			name = Release;
		};
/* End XCBuildConfiguration section */

/* Begin XCConfigurationList section */
		67B8CE261B6DF0EE00C0941F /* Build configuration list for PBXProject "Cat Years" */ = {
			isa = XCConfigurationList;
			buildConfigurations = (
				67B8CE481B6DF0EF00C0941F /* Debug */,
				67B8CE491B6DF0EF00C0941F /* Release */,
			);
			defaultConfigurationIsVisible = 0;
			defaultConfigurationName = Release;
		};
		67B8CE4A1B6DF0EF00C0941F /* Build configuration list for PBXNativeTarget "Cat Years" */ = {
			isa = XCConfigurationList;
			buildConfigurations = (
				67B8CE4B1B6DF0EF00C0941F /* Debug */,
				67B8CE4C1B6DF0EF00C0941F /* Release */,
			);
			defaultConfigurationIsVisible = 0;
			defaultConfigurationName = Release;
		};
		67B8CE4D1B6DF0EF00C0941F /* Build configuration list for PBXNativeTarget "Cat YearsTests" */ = {
			isa = XCConfigurationList;
			buildConfigurations = (
				67B8CE4E1B6DF0EF00C0941F /* Debug */,
				67B8CE4F1B6DF0EF00C0941F /* Release */,
			);
			defaultConfigurationIsVisible = 0;
			defaultConfigurationName = Release;
		};
/* End XCConfigurationList section */
	};
	rootObject = 67B8CE231B6DF0EE00C0941F /* Project object */;
}
