// !$*UTF8*$!
{
	archiveVersion = 1;
	classes = {
	};
	objectVersion = 46;
	objects = {

/* Begin PBXBuildFile section */
		670C2C181B7064A700D04784 /* AppDelegate.swift in Sources */ = {isa = PBXBuildFile; fileRef = 670C2C171B7064A700D04784 /* AppDelegate.swift */; };
		670C2C1A1B7064A700D04784 /* ViewController.swift in Sources */ = {isa = PBXBuildFile; fileRef = 670C2C191B7064A700D04784 /* ViewController.swift */; };
		670C2C1D1B7064A700D04784 /* Main.storyboard in Resources */ = {isa = PBXBuildFile; fileRef = 670C2C1B1B7064A700D04784 /* Main.storyboard */; };
		670C2C1F1B7064A700D04784 /* Images.xcassets in Resources */ = {isa = PBXBuildFile; fileRef = 670C2C1E1B7064A700D04784 /* Images.xcassets */; };
		670C2C221B7064A700D04784 /* LaunchScreen.xib in Resources */ = {isa = PBXBuildFile; fileRef = 670C2C201B7064A700D04784 /* LaunchScreen.xib */; };
		670C2C2E1B7064A700D04784 /* Controlling_The_KeyboardTests.swift in Sources */ = {isa = PBXBuildFile; fileRef = 670C2C2D1B7064A700D04784 /* Controlling_The_KeyboardTests.swift */; };
/* End PBXBuildFile section */

/* Begin PBXContainerItemProxy section */
		670C2C281B7064A700D04784 /* PBXContainerItemProxy */ = {
			isa = PBXContainerItemProxy;
			containerPortal = 670C2C0A1B7064A700D04784 /* Project object */;
			proxyType = 1;
			remoteGlobalIDString = 670C2C111B7064A700D04784;
			remoteInfo = "Controlling The Keyboard";
		};
/* End PBXContainerItemProxy section */

/* Begin PBXFileReference section */
		670C2C121B7064A700D04784 /* Controlling The Keyboard.app */ = {isa = PBXFileReference; explicitFileType = wrapper.application; includeInIndex = 0; path = "Controlling The Keyboard.app"; sourceTree = BUILT_PRODUCTS_DIR; };
		670C2C161B7064A700D04784 /* Info.plist */ = {isa = PBXFileReference; lastKnownFileType = text.plist.xml; path = Info.plist; sourceTree = "<group>"; };
		670C2C171B7064A700D04784 /* AppDelegate.swift */ = {isa = PBXFileReference; lastKnownFileType = sourcecode.swift; path = AppDelegate.swift; sourceTree = "<group>"; };
		670C2C191B7064A700D04784 /* ViewController.swift */ = {isa = PBXFileReference; lastKnownFileType = sourcecode.swift; path = ViewController.swift; sourceTree = "<group>"; };
		670C2C1C1B7064A700D04784 /* Base */ = {isa = PBXFileReference; lastKnownFileType = file.storyboard; name = Base; path = Base.lproj/Main.storyboard; sourceTree = "<group>"; };
		670C2C1E1B7064A700D04784 /* Images.xcassets */ = {isa = PBXFileReference; lastKnownFileType = folder.assetcatalog; path = Images.xcassets; sourceTree = "<group>"; };
		670C2C211B7064A700D04784 /* Base */ = {isa = PBXFileReference; lastKnownFileType = file.xib; name = Base; path = Base.lproj/LaunchScreen.xib; sourceTree = "<group>"; };
		670C2C271B7064A700D04784 /* Controlling The KeyboardTests.xctest */ = {isa = PBXFileReference; explicitFileType = wrapper.cfbundle; includeInIndex = 0; path = "Controlling The KeyboardTests.xctest"; sourceTree = BUILT_PRODUCTS_DIR; };
		670C2C2C1B7064A700D04784 /* Info.plist */ = {isa = PBXFileReference; lastKnownFileType = text.plist.xml; path = Info.plist; sourceTree = "<group>"; };
		670C2C2D1B7064A700D04784 /* Controlling_The_KeyboardTests.swift */ = {isa = PBXFileReference; lastKnownFileType = sourcecode.swift; path = Controlling_The_KeyboardTests.swift; sourceTree = "<group>"; };
/* End PBXFileReference section */

/* Begin PBXFrameworksBuildPhase section */
		670C2C0F1B7064A700D04784 /* Frameworks */ = {
			isa = PBXFrameworksBuildPhase;
			buildActionMask = 2147483647;
			files = (
			);
			runOnlyForDeploymentPostprocessing = 0;
		};
		670C2C241B7064A700D04784 /* Frameworks */ = {
			isa = PBXFrameworksBuildPhase;
			buildActionMask = 2147483647;
			files = (
			);
			runOnlyForDeploymentPostprocessing = 0;
		};
/* End PBXFrameworksBuildPhase section */

/* Begin PBXGroup section */
		670C2C091B7064A700D04784 = {
			isa = PBXGroup;
			children = (
				670C2C141B7064A700D04784 /* Controlling The Keyboard */,
				670C2C2A1B7064A700D04784 /* Controlling The KeyboardTests */,
				670C2C131B7064A700D04784 /* Products */,
			);
			sourceTree = "<group>";
		};
		670C2C131B7064A700D04784 /* Products */ = {
			isa = PBXGroup;
			children = (
				670C2C121B7064A700D04784 /* Controlling The Keyboard.app */,
				670C2C271B7064A700D04784 /* Controlling The KeyboardTests.xctest */,
			);
			name = Products;
			sourceTree = "<group>";
		};
		670C2C141B7064A700D04784 /* Controlling The Keyboard */ = {
			isa = PBXGroup;
			children = (
				670C2C171B7064A700D04784 /* AppDelegate.swift */,
				670C2C191B7064A700D04784 /* ViewController.swift */,
				670C2C1B1B7064A700D04784 /* Main.storyboard */,
				670C2C1E1B7064A700D04784 /* Images.xcassets */,
				670C2C201B7064A700D04784 /* LaunchScreen.xib */,
				670C2C151B7064A700D04784 /* Supporting Files */,
			);
			path = "Controlling The Keyboard";
			sourceTree = "<group>";
		};
		670C2C151B7064A700D04784 /* Supporting Files */ = {
			isa = PBXGroup;
			children = (
				670C2C161B7064A700D04784 /* Info.plist */,
			);
			name = "Supporting Files";
			sourceTree = "<group>";
		};
		670C2C2A1B7064A700D04784 /* Controlling The KeyboardTests */ = {
			isa = PBXGroup;
			children = (
				670C2C2D1B7064A700D04784 /* Controlling_The_KeyboardTests.swift */,
				670C2C2B1B7064A700D04784 /* Supporting Files */,
			);
			path = "Controlling The KeyboardTests";
			sourceTree = "<group>";
		};
		670C2C2B1B7064A700D04784 /* Supporting Files */ = {
			isa = PBXGroup;
			children = (
				670C2C2C1B7064A700D04784 /* Info.plist */,
			);
			name = "Supporting Files";
			sourceTree = "<group>";
		};
/* End PBXGroup section */

/* Begin PBXNativeTarget section */
		670C2C111B7064A700D04784 /* Controlling The Keyboard */ = {
			isa = PBXNativeTarget;
			buildConfigurationList = 670C2C311B7064A700D04784 /* Build configuration list for PBXNativeTarget "Controlling The Keyboard" */;
			buildPhases = (
				670C2C0E1B7064A700D04784 /* Sources */,
				670C2C0F1B7064A700D04784 /* Frameworks */,
				670C2C101B7064A700D04784 /* Resources */,
			);
			buildRules = (
			);
			dependencies = (
			);
			name = "Controlling The Keyboard";
			productName = "Controlling The Keyboard";
			productReference = 670C2C121B7064A700D04784 /* Controlling The Keyboard.app */;
			productType = "com.apple.product-type.application";
		};
		670C2C261B7064A700D04784 /* Controlling The KeyboardTests */ = {
			isa = PBXNativeTarget;
			buildConfigurationList = 670C2C341B7064A700D04784 /* Build configuration list for PBXNativeTarget "Controlling The KeyboardTests" */;
			buildPhases = (
				670C2C231B7064A700D04784 /* Sources */,
				670C2C241B7064A700D04784 /* Frameworks */,
				670C2C251B7064A700D04784 /* Resources */,
			);
			buildRules = (
			);
			dependencies = (
				670C2C291B7064A700D04784 /* PBXTargetDependency */,
			);
			name = "Controlling The KeyboardTests";
			productName = "Controlling The KeyboardTests";
			productReference = 670C2C271B7064A700D04784 /* Controlling The KeyboardTests.xctest */;
			productType = "com.apple.product-type.bundle.unit-test";
		};
/* End PBXNativeTarget section */

/* Begin PBXProject section */
		670C2C0A1B7064A700D04784 /* Project object */ = {
			isa = PBXProject;
			attributes = {
				LastUpgradeCheck = 0640;
				ORGANIZATIONNAME = "Winfield Tian";
				TargetAttributes = {
					670C2C111B7064A700D04784 = {
						CreatedOnToolsVersion = 6.4;
					};
					670C2C261B7064A700D04784 = {
						CreatedOnToolsVersion = 6.4;
						TestTargetID = 670C2C111B7064A700D04784;
					};
				};
			};
			buildConfigurationList = 670C2C0D1B7064A700D04784 /* Build configuration list for PBXProject "Controlling The Keyboard" */;
			compatibilityVersion = "Xcode 3.2";
			developmentRegion = English;
			hasScannedForEncodings = 0;
			knownRegions = (
				en,
				Base,
			);
			mainGroup = 670C2C091B7064A700D04784;
			productRefGroup = 670C2C131B7064A700D04784 /* Products */;
			projectDirPath = "";
			projectRoot = "";
			targets = (
				670C2C111B7064A700D04784 /* Controlling The Keyboard */,
				670C2C261B7064A700D04784 /* Controlling The KeyboardTests */,
			);
		};
/* End PBXProject section */

/* Begin PBXResourcesBuildPhase section */
		670C2C101B7064A700D04784 /* Resources */ = {
			isa = PBXResourcesBuildPhase;
			buildActionMask = 2147483647;
			files = (
				670C2C1D1B7064A700D04784 /* Main.storyboard in Resources */,
				670C2C221B7064A700D04784 /* LaunchScreen.xib in Resources */,
				670C2C1F1B7064A700D04784 /* Images.xcassets in Resources */,
			);
			runOnlyForDeploymentPostprocessing = 0;
		};
		670C2C251B7064A700D04784 /* Resources */ = {
			isa = PBXResourcesBuildPhase;
			buildActionMask = 2147483647;
			files = (
			);
			runOnlyForDeploymentPostprocessing = 0;
		};
/* End PBXResourcesBuildPhase section */

/* Begin PBXSourcesBuildPhase section */
		670C2C0E1B7064A700D04784 /* Sources */ = {
			isa = PBXSourcesBuildPhase;
			buildActionMask = 2147483647;
			files = (
				670C2C1A1B7064A700D04784 /* ViewController.swift in Sources */,
				670C2C181B7064A700D04784 /* AppDelegate.swift in Sources */,
			);
			runOnlyForDeploymentPostprocessing = 0;
		};
		670C2C231B7064A700D04784 /* Sources */ = {
			isa = PBXSourcesBuildPhase;
			buildActionMask = 2147483647;
			files = (
				670C2C2E1B7064A700D04784 /* Controlling_The_KeyboardTests.swift in Sources */,
			);
			runOnlyForDeploymentPostprocessing = 0;
		};
/* End PBXSourcesBuildPhase section */

/* Begin PBXTargetDependency section */
		670C2C291B7064A700D04784 /* PBXTargetDependency */ = {
			isa = PBXTargetDependency;
			target = 670C2C111B7064A700D04784 /* Controlling The Keyboard */;
			targetProxy = 670C2C281B7064A700D04784 /* PBXContainerItemProxy */;
		};
/* End PBXTargetDependency section */

/* Begin PBXVariantGroup section */
		670C2C1B1B7064A700D04784 /* Main.storyboard */ = {
			isa = PBXVariantGroup;
			children = (
				670C2C1C1B7064A700D04784 /* Base */,
			);
			name = Main.storyboard;
			sourceTree = "<group>";
		};
		670C2C201B7064A700D04784 /* LaunchScreen.xib */ = {
			isa = PBXVariantGroup;
			children = (
				670C2C211B7064A700D04784 /* Base */,
			);
			name = LaunchScreen.xib;
			sourceTree = "<group>";
		};
/* End PBXVariantGroup section */

/* Begin XCBuildConfiguration section */
		670C2C2F1B7064A700D04784 /* Debug */ = {
			isa = XCBuildConfiguration;
			buildSettings = {
				ALWAYS_SEARCH_USER_PATHS = NO;
				CLANG_CXX_LANGUAGE_STANDARD = "gnu++0x";
				CLANG_CXX_LIBRARY = "libc++";
				CLANG_ENABLE_MODULES = YES;
				CLANG_ENABLE_OBJC_ARC = YES;
				CLANG_WARN_BOOL_CONVERSION = YES;
				CLANG_WARN_CONSTANT_CONVERSION = YES;
				CLANG_WARN_DIRECT_OBJC_ISA_USAGE = YES_ERROR;
				CLANG_WARN_EMPTY_BODY = YES;
				CLANG_WARN_ENUM_CONVERSION = YES;
				CLANG_WARN_INT_CONVERSION = YES;
				CLANG_WARN_OBJC_ROOT_CLASS = YES_ERROR;
				CLANG_WARN_UNREACHABLE_CODE = YES;
				CLANG_WARN__DUPLICATE_METHOD_MATCH = YES;
				"CODE_SIGN_IDENTITY[sdk=iphoneos*]" = "iPhone Developer";
				COPY_PHASE_STRIP = NO;
				DEBUG_INFORMATION_FORMAT = "dwarf-with-dsym";
				ENABLE_STRICT_OBJC_MSGSEND = YES;
				GCC_C_LANGUAGE_STANDARD = gnu99;
				GCC_DYNAMIC_NO_PIC = NO;
				GCC_NO_COMMON_BLOCKS = YES;
				GCC_OPTIMIZATION_LEVEL = 0;
				GCC_PREPROCESSOR_DEFINITIONS = (
					"DEBUG=1",
					"$(inherited)",
				);
				GCC_SYMBOLS_PRIVATE_EXTERN = NO;
				GCC_WARN_64_TO_32_BIT_CONVERSION = YES;
				GCC_WARN_ABOUT_RETURN_TYPE = YES_ERROR;
				GCC_WARN_UNDECLARED_SELECTOR = YES;
				GCC_WARN_UNINITIALIZED_AUTOS = YES_AGGRESSIVE;
				GCC_WARN_UNUSED_FUNCTION = YES;
				GCC_WARN_UNUSED_VARIABLE = YES;
				IPHONEOS_DEPLOYMENT_TARGET = 8.4;
				MTL_ENABLE_DEBUG_INFO = YES;
				ONLY_ACTIVE_ARCH = YES;
				SDKROOT = iphoneos;
				SWIFT_OPTIMIZATION_LEVEL = "-Onone";
			};
			name = Debug;
		};
		670C2C301B7064A700D04784 /* Release */ = {
			isa = XCBuildConfiguration;
			buildSettings = {
				ALWAYS_SEARCH_USER_PATHS = NO;
				CLANG_CXX_LANGUAGE_STANDARD = "gnu++0x";
				CLANG_CXX_LIBRARY = "libc++";
				CLANG_ENABLE_MODULES = YES;
				CLANG_ENABLE_OBJC_ARC = YES;
				CLANG_WARN_BOOL_CONVERSION = YES;
				CLANG_WARN_CONSTANT_CONVERSION = YES;
				CLANG_WARN_DIRECT_OBJC_ISA_USAGE = YES_ERROR;
				CLANG_WARN_EMPTY_BODY = YES;
				CLANG_WARN_ENUM_CONVERSION = YES;
				CLANG_WARN_INT_CONVERSION = YES;
				CLANG_WARN_OBJC_ROOT_CLASS = YES_ERROR;
				CLANG_WARN_UNREACHABLE_CODE = YES;
				CLANG_WARN__DUPLICATE_METHOD_MATCH = YES;
				"CODE_SIGN_IDENTITY[sdk=iphoneos*]" = "iPhone Developer";
				COPY_PHASE_STRIP = NO;
				DEBUG_INFORMATION_FORMAT = "dwarf-with-dsym";
				ENABLE_NS_ASSERTIONS = NO;
				ENABLE_STRICT_OBJC_MSGSEND = YES;
				GCC_C_LANGUAGE_STANDARD = gnu99;
				GCC_NO_COMMON_BLOCKS = YES;
				GCC_WARN_64_TO_32_BIT_CONVERSION = YES;
				GCC_WARN_ABOUT_RETURN_TYPE = YES_ERROR;
				GCC_WARN_UNDECLARED_SELECTOR = YES;
				GCC_WARN_UNINITIALIZED_AUTOS = YES_AGGRESSIVE;
				GCC_WARN_UNUSED_FUNCTION = YES;
				GCC_WARN_UNUSED_VARIABLE = YES;
				IPHONEOS_DEPLOYMENT_TARGET = 8.4;
				MTL_ENABLE_DEBUG_INFO = NO;
				SDKROOT = iphoneos;
				VALIDATE_PRODUCT = YES;
			};
			name = Release;
		};
		670C2C321B7064A700D04784 /* Debug */ = {
			isa = XCBuildConfiguration;
			buildSettings = {
				ASSETCATALOG_COMPILER_APPICON_NAME = AppIcon;
				INFOPLIST_FILE = "Controlling The Keyboard/Info.plist";
				LD_RUNPATH_SEARCH_PATHS = "$(inherited) @executable_path/Frameworks";
				PRODUCT_NAME = "$(TARGET_NAME)";
			};
			name = Debug;
		};
		670C2C331B7064A700D04784 /* Release */ = {
			isa = XCBuildConfiguration;
			buildSettings = {
				ASSETCATALOG_COMPILER_APPICON_NAME = AppIcon;
				INFOPLIST_FILE = "Controlling The Keyboard/Info.plist";
				LD_RUNPATH_SEARCH_PATHS = "$(inherited) @executable_path/Frameworks";
				PRODUCT_NAME = "$(TARGET_NAME)";
			};
			name = Release;
		};
		670C2C351B7064A700D04784 /* Debug */ = {
			isa = XCBuildConfiguration;
			buildSettings = {
				BUNDLE_LOADER = "$(TEST_HOST)";
				FRAMEWORK_SEARCH_PATHS = (
					"$(SDKROOT)/Developer/Library/Frameworks",
					"$(inherited)",
				);
				GCC_PREPROCESSOR_DEFINITIONS = (
					"DEBUG=1",
					"$(inherited)",
				);
				INFOPLIST_FILE = "Controlling The KeyboardTests/Info.plist";
				LD_RUNPATH_SEARCH_PATHS = "$(inherited) @executable_path/Frameworks @loader_path/Frameworks";
				PRODUCT_NAME = "$(TARGET_NAME)";
				TEST_HOST = "$(BUILT_PRODUCTS_DIR)/Controlling The Keyboard.app/Controlling The Keyboard";
			};
			name = Debug;
		};
		670C2C361B7064A700D04784 /* Release */ = {
			isa = XCBuildConfiguration;
			buildSettings = {
				BUNDLE_LOADER = "$(TEST_HOST)";
				FRAMEWORK_SEARCH_PATHS = (
					"$(SDKROOT)/Developer/Library/Frameworks",
					"$(inherited)",
				);
				INFOPLIST_FILE = "Controlling The KeyboardTests/Info.plist";
				LD_RUNPATH_SEARCH_PATHS = "$(inherited) @executable_path/Frameworks @loader_path/Frameworks";
				PRODUCT_NAME = "$(TARGET_NAME)";
				TEST_HOST = "$(BUILT_PRODUCTS_DIR)/Controlling The Keyboard.app/Controlling The Keyboard";
			};
			name = Release;
		};
/* End XCBuildConfiguration section */

/* Begin XCConfigurationList section */
		670C2C0D1B7064A700D04784 /* Build configuration list for PBXProject "Controlling The Keyboard" */ = {
			isa = XCConfigurationList;
			buildConfigurations = (
				670C2C2F1B7064A700D04784 /* Debug */,
				670C2C301B7064A700D04784 /* Release */,
			);
			defaultConfigurationIsVisible = 0;
			defaultConfigurationName = Release;
		};
		670C2C311B7064A700D04784 /* Build configuration list for PBXNativeTarget "Controlling The Keyboard" */ = {
			isa = XCConfigurationList;
			buildConfigurations = (
				670C2C321B7064A700D04784 /* Debug */,
				670C2C331B7064A700D04784 /* Release */,
			);
			defaultConfigurationIsVisible = 0;
		};
		670C2C341B7064A700D04784 /* Build configuration list for PBXNativeTarget "Controlling The KeyboardTests" */ = {
			isa = XCConfigurationList;
			buildConfigurations = (
				670C2C351B7064A700D04784 /* Debug */,
				670C2C361B7064A700D04784 /* Release */,
			);
			defaultConfigurationIsVisible = 0;
		};
/* End XCConfigurationList section */
	};
	rootObject = 670C2C0A1B7064A700D04784 /* Project object */;
}
