// !$*UTF8*$!
{
	archiveVersion = 1;
	classes = {
	};
	objectVersion = 46;
	objects = {

/* Begin PBXBuildFile section */
		67C13F8E1B74463800BAF456 /* AppDelegate.swift in Sources */ = {isa = PBXBuildFile; fileRef = 67C13F8D1B74463800BAF456 /* AppDelegate.swift */; };
		67C13F901B74463800BAF456 /* RootViewController.swift in Sources */ = {isa = PBXBuildFile; fileRef = 67C13F8F1B74463800BAF456 /* RootViewController.swift */; };
		67C13F921B74463800BAF456 /* DataViewController.swift in Sources */ = {isa = PBXBuildFile; fileRef = 67C13F911B74463800BAF456 /* DataViewController.swift */; };
		67C13F941B74463800BAF456 /* ModelController.swift in Sources */ = {isa = PBXBuildFile; fileRef = 67C13F931B74463800BAF456 /* ModelController.swift */; };
		67C13F971B74463800BAF456 /* Main.storyboard in Resources */ = {isa = PBXBuildFile; fileRef = 67C13F951B74463800BAF456 /* Main.storyboard */; };
		67C13F991B74463800BAF456 /* Images.xcassets in Resources */ = {isa = PBXBuildFile; fileRef = 67C13F981B74463800BAF456 /* Images.xcassets */; };
		67C13F9C1B74463800BAF456 /* LaunchScreen.xib in Resources */ = {isa = PBXBuildFile; fileRef = 67C13F9A1B74463800BAF456 /* LaunchScreen.xib */; };
		67C13FA81B74463800BAF456 /* PageTestTests.swift in Sources */ = {isa = PBXBuildFile; fileRef = 67C13FA71B74463800BAF456 /* PageTestTests.swift */; };
/* End PBXBuildFile section */

/* Begin PBXContainerItemProxy section */
		67C13FA21B74463800BAF456 /* PBXContainerItemProxy */ = {
			isa = PBXContainerItemProxy;
			containerPortal = 67C13F801B74463800BAF456 /* Project object */;
			proxyType = 1;
			remoteGlobalIDString = 67C13F871B74463800BAF456;
			remoteInfo = PageTest;
		};
/* End PBXContainerItemProxy section */

/* Begin PBXFileReference section */
		67C13F881B74463800BAF456 /* PageTest.app */ = {isa = PBXFileReference; explicitFileType = wrapper.application; includeInIndex = 0; path = PageTest.app; sourceTree = BUILT_PRODUCTS_DIR; };
		67C13F8C1B74463800BAF456 /* Info.plist */ = {isa = PBXFileReference; lastKnownFileType = text.plist.xml; path = Info.plist; sourceTree = "<group>"; };
		67C13F8D1B74463800BAF456 /* AppDelegate.swift */ = {isa = PBXFileReference; lastKnownFileType = sourcecode.swift; path = AppDelegate.swift; sourceTree = "<group>"; };
		67C13F8F1B74463800BAF456 /* RootViewController.swift */ = {isa = PBXFileReference; lastKnownFileType = sourcecode.swift; path = RootViewController.swift; sourceTree = "<group>"; };
		67C13F911B74463800BAF456 /* DataViewController.swift */ = {isa = PBXFileReference; lastKnownFileType = sourcecode.swift; path = DataViewController.swift; sourceTree = "<group>"; };
		67C13F931B74463800BAF456 /* ModelController.swift */ = {isa = PBXFileReference; lastKnownFileType = sourcecode.swift; path = ModelController.swift; sourceTree = "<group>"; };
		67C13F961B74463800BAF456 /* Base */ = {isa = PBXFileReference; lastKnownFileType = file.storyboard; name = Base; path = Base.lproj/Main.storyboard; sourceTree = "<group>"; };
		67C13F981B74463800BAF456 /* Images.xcassets */ = {isa = PBXFileReference; lastKnownFileType = folder.assetcatalog; path = Images.xcassets; sourceTree = "<group>"; };
		67C13F9B1B74463800BAF456 /* Base */ = {isa = PBXFileReference; lastKnownFileType = file.xib; name = Base; path = Base.lproj/LaunchScreen.xib; sourceTree = "<group>"; };
		67C13FA11B74463800BAF456 /* PageTestTests.xctest */ = {isa = PBXFileReference; explicitFileType = wrapper.cfbundle; includeInIndex = 0; path = PageTestTests.xctest; sourceTree = BUILT_PRODUCTS_DIR; };
		67C13FA61B74463800BAF456 /* Info.plist */ = {isa = PBXFileReference; lastKnownFileType = text.plist.xml; path = Info.plist; sourceTree = "<group>"; };
		67C13FA71B74463800BAF456 /* PageTestTests.swift */ = {isa = PBXFileReference; lastKnownFileType = sourcecode.swift; path = PageTestTests.swift; sourceTree = "<group>"; };
/* End PBXFileReference section */

/* Begin PBXFrameworksBuildPhase section */
		67C13F851B74463800BAF456 /* Frameworks */ = {
			isa = PBXFrameworksBuildPhase;
			buildActionMask = 2147483647;
			files = (
			);
			runOnlyForDeploymentPostprocessing = 0;
		};
		67C13F9E1B74463800BAF456 /* Frameworks */ = {
			isa = PBXFrameworksBuildPhase;
			buildActionMask = 2147483647;
			files = (
			);
			runOnlyForDeploymentPostprocessing = 0;
		};
/* End PBXFrameworksBuildPhase section */

/* Begin PBXGroup section */
		67C13F7F1B74463800BAF456 = {
			isa = PBXGroup;
			children = (
				67C13F8A1B74463800BAF456 /* PageTest */,
				67C13FA41B74463800BAF456 /* PageTestTests */,
				67C13F891B74463800BAF456 /* Products */,
			);
			sourceTree = "<group>";
		};
		67C13F891B74463800BAF456 /* Products */ = {
			isa = PBXGroup;
			children = (
				67C13F881B74463800BAF456 /* PageTest.app */,
				67C13FA11B74463800BAF456 /* PageTestTests.xctest */,
			);
			name = Products;
			sourceTree = "<group>";
		};
		67C13F8A1B74463800BAF456 /* PageTest */ = {
			isa = PBXGroup;
			children = (
				67C13F8D1B74463800BAF456 /* AppDelegate.swift */,
				67C13F8F1B74463800BAF456 /* RootViewController.swift */,
				67C13F911B74463800BAF456 /* DataViewController.swift */,
				67C13F931B74463800BAF456 /* ModelController.swift */,
				67C13F951B74463800BAF456 /* Main.storyboard */,
				67C13F981B74463800BAF456 /* Images.xcassets */,
				67C13F9A1B74463800BAF456 /* LaunchScreen.xib */,
				67C13F8B1B74463800BAF456 /* Supporting Files */,
			);
			path = PageTest;
			sourceTree = "<group>";
		};
		67C13F8B1B74463800BAF456 /* Supporting Files */ = {
			isa = PBXGroup;
			children = (
				67C13F8C1B74463800BAF456 /* Info.plist */,
			);
			name = "Supporting Files";
			sourceTree = "<group>";
		};
		67C13FA41B74463800BAF456 /* PageTestTests */ = {
			isa = PBXGroup;
			children = (
				67C13FA71B74463800BAF456 /* PageTestTests.swift */,
				67C13FA51B74463800BAF456 /* Supporting Files */,
			);
			path = PageTestTests;
			sourceTree = "<group>";
		};
		67C13FA51B74463800BAF456 /* Supporting Files */ = {
			isa = PBXGroup;
			children = (
				67C13FA61B74463800BAF456 /* Info.plist */,
			);
			name = "Supporting Files";
			sourceTree = "<group>";
		};
/* End PBXGroup section */

/* Begin PBXNativeTarget section */
		67C13F871B74463800BAF456 /* PageTest */ = {
			isa = PBXNativeTarget;
			buildConfigurationList = 67C13FAB1B74463800BAF456 /* Build configuration list for PBXNativeTarget "PageTest" */;
			buildPhases = (
				67C13F841B74463800BAF456 /* Sources */,
				67C13F851B74463800BAF456 /* Frameworks */,
				67C13F861B74463800BAF456 /* Resources */,
			);
			buildRules = (
			);
			dependencies = (
			);
			name = PageTest;
			productName = PageTest;
			productReference = 67C13F881B74463800BAF456 /* PageTest.app */;
			productType = "com.apple.product-type.application";
		};
		67C13FA01B74463800BAF456 /* PageTestTests */ = {
			isa = PBXNativeTarget;
			buildConfigurationList = 67C13FAE1B74463800BAF456 /* Build configuration list for PBXNativeTarget "PageTestTests" */;
			buildPhases = (
				67C13F9D1B74463800BAF456 /* Sources */,
				67C13F9E1B74463800BAF456 /* Frameworks */,
				67C13F9F1B74463800BAF456 /* Resources */,
			);
			buildRules = (
			);
			dependencies = (
				67C13FA31B74463800BAF456 /* PBXTargetDependency */,
			);
			name = PageTestTests;
			productName = PageTestTests;
			productReference = 67C13FA11B74463800BAF456 /* PageTestTests.xctest */;
			productType = "com.apple.product-type.bundle.unit-test";
		};
/* End PBXNativeTarget section */

/* Begin PBXProject section */
		67C13F801B74463800BAF456 /* Project object */ = {
			isa = PBXProject;
			attributes = {
				LastUpgradeCheck = 0640;
				ORGANIZATIONNAME = "Winfield Tian";
				TargetAttributes = {
					67C13F871B74463800BAF456 = {
						CreatedOnToolsVersion = 6.4;
					};
					67C13FA01B74463800BAF456 = {
						CreatedOnToolsVersion = 6.4;
						TestTargetID = 67C13F871B74463800BAF456;
					};
				};
			};
			buildConfigurationList = 67C13F831B74463800BAF456 /* Build configuration list for PBXProject "PageTest" */;
			compatibilityVersion = "Xcode 3.2";
			developmentRegion = English;
			hasScannedForEncodings = 0;
			knownRegions = (
				en,
				Base,
			);
			mainGroup = 67C13F7F1B74463800BAF456;
			productRefGroup = 67C13F891B74463800BAF456 /* Products */;
			projectDirPath = "";
			projectRoot = "";
			targets = (
				67C13F871B74463800BAF456 /* PageTest */,
				67C13FA01B74463800BAF456 /* PageTestTests */,
			);
		};
/* End PBXProject section */

/* Begin PBXResourcesBuildPhase section */
		67C13F861B74463800BAF456 /* Resources */ = {
			isa = PBXResourcesBuildPhase;
			buildActionMask = 2147483647;
			files = (
				67C13F971B74463800BAF456 /* Main.storyboard in Resources */,
				67C13F9C1B74463800BAF456 /* LaunchScreen.xib in Resources */,
				67C13F991B74463800BAF456 /* Images.xcassets in Resources */,
			);
			runOnlyForDeploymentPostprocessing = 0;
		};
		67C13F9F1B74463800BAF456 /* Resources */ = {
			isa = PBXResourcesBuildPhase;
			buildActionMask = 2147483647;
			files = (
			);
			runOnlyForDeploymentPostprocessing = 0;
		};
/* End PBXResourcesBuildPhase section */

/* Begin PBXSourcesBuildPhase section */
		67C13F841B74463800BAF456 /* Sources */ = {
			isa = PBXSourcesBuildPhase;
			buildActionMask = 2147483647;
			files = (
				67C13F901B74463800BAF456 /* RootViewController.swift in Sources */,
				67C13F941B74463800BAF456 /* ModelController.swift in Sources */,
				67C13F921B74463800BAF456 /* DataViewController.swift in Sources */,
				67C13F8E1B74463800BAF456 /* AppDelegate.swift in Sources */,
			);
			runOnlyForDeploymentPostprocessing = 0;
		};
		67C13F9D1B74463800BAF456 /* Sources */ = {
			isa = PBXSourcesBuildPhase;
			buildActionMask = 2147483647;
			files = (
				67C13FA81B74463800BAF456 /* PageTestTests.swift in Sources */,
			);
			runOnlyForDeploymentPostprocessing = 0;
		};
/* End PBXSourcesBuildPhase section */

/* Begin PBXTargetDependency section */
		67C13FA31B74463800BAF456 /* PBXTargetDependency */ = {
			isa = PBXTargetDependency;
			target = 67C13F871B74463800BAF456 /* PageTest */;
			targetProxy = 67C13FA21B74463800BAF456 /* PBXContainerItemProxy */;
		};
/* End PBXTargetDependency section */

/* Begin PBXVariantGroup section */
		67C13F951B74463800BAF456 /* Main.storyboard */ = {
			isa = PBXVariantGroup;
			children = (
				67C13F961B74463800BAF456 /* Base */,
			);
			name = Main.storyboard;
			sourceTree = "<group>";
		};
		67C13F9A1B74463800BAF456 /* LaunchScreen.xib */ = {
			isa = PBXVariantGroup;
			children = (
				67C13F9B1B74463800BAF456 /* Base */,
			);
			name = LaunchScreen.xib;
			sourceTree = "<group>";
		};
/* End PBXVariantGroup section */

/* Begin XCBuildConfiguration section */
		67C13FA91B74463800BAF456 /* Debug */ = {
			isa = XCBuildConfiguration;
			buildSettings = {
				ALWAYS_SEARCH_USER_PATHS = NO;
				CLANG_CXX_LANGUAGE_STANDARD = "gnu++0x";
				CLANG_CXX_LIBRARY = "libc++";
				CLANG_ENABLE_MODULES = YES;
				CLANG_ENABLE_OBJC_ARC = YES;
				CLANG_WARN_BOOL_CONVERSION = YES;
				CLANG_WARN_CONSTANT_CONVERSION = YES;
				CLANG_WARN_DIRECT_OBJC_ISA_USAGE = YES_ERROR;
				CLANG_WARN_EMPTY_BODY = YES;
				CLANG_WARN_ENUM_CONVERSION = YES;
				CLANG_WARN_INT_CONVERSION = YES;
				CLANG_WARN_OBJC_ROOT_CLASS = YES_ERROR;
				CLANG_WARN_UNREACHABLE_CODE = YES;
				CLANG_WARN__DUPLICATE_METHOD_MATCH = YES;
				"CODE_SIGN_IDENTITY[sdk=iphoneos*]" = "iPhone Developer";
				COPY_PHASE_STRIP = NO;
				DEBUG_INFORMATION_FORMAT = "dwarf-with-dsym";
				ENABLE_STRICT_OBJC_MSGSEND = YES;
				GCC_C_LANGUAGE_STANDARD = gnu99;
				GCC_DYNAMIC_NO_PIC = NO;
				GCC_NO_COMMON_BLOCKS = YES;
				GCC_OPTIMIZATION_LEVEL = 0;
				GCC_PREPROCESSOR_DEFINITIONS = (
					"DEBUG=1",
					"$(inherited)",
				);
				GCC_SYMBOLS_PRIVATE_EXTERN = NO;
				GCC_WARN_64_TO_32_BIT_CONVERSION = YES;
				GCC_WARN_ABOUT_RETURN_TYPE = YES_ERROR;
				GCC_WARN_UNDECLARED_SELECTOR = YES;
				GCC_WARN_UNINITIALIZED_AUTOS = YES_AGGRESSIVE;
				GCC_WARN_UNUSED_FUNCTION = YES;
				GCC_WARN_UNUSED_VARIABLE = YES;
				IPHONEOS_DEPLOYMENT_TARGET = 8.4;
				MTL_ENABLE_DEBUG_INFO = YES;
				ONLY_ACTIVE_ARCH = YES;
				SDKROOT = iphoneos;
				SWIFT_OPTIMIZATION_LEVEL = "-Onone";
			};
			name = Debug;
		};
		67C13FAA1B74463800BAF456 /* Release */ = {
			isa = XCBuildConfiguration;
			buildSettings = {
				ALWAYS_SEARCH_USER_PATHS = NO;
				CLANG_CXX_LANGUAGE_STANDARD = "gnu++0x";
				CLANG_CXX_LIBRARY = "libc++";
				CLANG_ENABLE_MODULES = YES;
				CLANG_ENABLE_OBJC_ARC = YES;
				CLANG_WARN_BOOL_CONVERSION = YES;
				CLANG_WARN_CONSTANT_CONVERSION = YES;
				CLANG_WARN_DIRECT_OBJC_ISA_USAGE = YES_ERROR;
				CLANG_WARN_EMPTY_BODY = YES;
				CLANG_WARN_ENUM_CONVERSION = YES;
				CLANG_WARN_INT_CONVERSION = YES;
				CLANG_WARN_OBJC_ROOT_CLASS = YES_ERROR;
				CLANG_WARN_UNREACHABLE_CODE = YES;
				CLANG_WARN__DUPLICATE_METHOD_MATCH = YES;
				"CODE_SIGN_IDENTITY[sdk=iphoneos*]" = "iPhone Developer";
				COPY_PHASE_STRIP = NO;
				DEBUG_INFORMATION_FORMAT = "dwarf-with-dsym";
				ENABLE_NS_ASSERTIONS = NO;
				ENABLE_STRICT_OBJC_MSGSEND = YES;
				GCC_C_LANGUAGE_STANDARD = gnu99;
				GCC_NO_COMMON_BLOCKS = YES;
				GCC_WARN_64_TO_32_BIT_CONVERSION = YES;
				GCC_WARN_ABOUT_RETURN_TYPE = YES_ERROR;
				GCC_WARN_UNDECLARED_SELECTOR = YES;
				GCC_WARN_UNINITIALIZED_AUTOS = YES_AGGRESSIVE;
				GCC_WARN_UNUSED_FUNCTION = YES;
				GCC_WARN_UNUSED_VARIABLE = YES;
				IPHONEOS_DEPLOYMENT_TARGET = 8.4;
				MTL_ENABLE_DEBUG_INFO = NO;
				SDKROOT = iphoneos;
				VALIDATE_PRODUCT = YES;
			};
			name = Release;
		};
		67C13FAC1B74463800BAF456 /* Debug */ = {
			isa = XCBuildConfiguration;
			buildSettings = {
				ASSETCATALOG_COMPILER_APPICON_NAME = AppIcon;
				INFOPLIST_FILE = PageTest/Info.plist;
				LD_RUNPATH_SEARCH_PATHS = "$(inherited) @executable_path/Frameworks";
				PRODUCT_NAME = "$(TARGET_NAME)";
			};
			name = Debug;
		};
		67C13FAD1B74463800BAF456 /* Release */ = {
			isa = XCBuildConfiguration;
			buildSettings = {
				ASSETCATALOG_COMPILER_APPICON_NAME = AppIcon;
				INFOPLIST_FILE = PageTest/Info.plist;
				LD_RUNPATH_SEARCH_PATHS = "$(inherited) @executable_path/Frameworks";
				PRODUCT_NAME = "$(TARGET_NAME)";
			};
			name = Release;
		};
		67C13FAF1B74463800BAF456 /* Debug */ = {
			isa = XCBuildConfiguration;
			buildSettings = {
				BUNDLE_LOADER = "$(TEST_HOST)";
				FRAMEWORK_SEARCH_PATHS = (
					"$(SDKROOT)/Developer/Library/Frameworks",
					"$(inherited)",
				);
				GCC_PREPROCESSOR_DEFINITIONS = (
					"DEBUG=1",
					"$(inherited)",
				);
				INFOPLIST_FILE = PageTestTests/Info.plist;
				LD_RUNPATH_SEARCH_PATHS = "$(inherited) @executable_path/Frameworks @loader_path/Frameworks";
				PRODUCT_NAME = "$(TARGET_NAME)";
				TEST_HOST = "$(BUILT_PRODUCTS_DIR)/PageTest.app/PageTest";
			};
			name = Debug;
		};
		67C13FB01B74463800BAF456 /* Release */ = {
			isa = XCBuildConfiguration;
			buildSettings = {
				BUNDLE_LOADER = "$(TEST_HOST)";
				FRAMEWORK_SEARCH_PATHS = (
					"$(SDKROOT)/Developer/Library/Frameworks",
					"$(inherited)",
				);
				INFOPLIST_FILE = PageTestTests/Info.plist;
				LD_RUNPATH_SEARCH_PATHS = "$(inherited) @executable_path/Frameworks @loader_path/Frameworks";
				PRODUCT_NAME = "$(TARGET_NAME)";
				TEST_HOST = "$(BUILT_PRODUCTS_DIR)/PageTest.app/PageTest";
			};
			name = Release;
		};
/* End XCBuildConfiguration section */

/* Begin XCConfigurationList section */
		67C13F831B74463800BAF456 /* Build configuration list for PBXProject "PageTest" */ = {
			isa = XCConfigurationList;
			buildConfigurations = (
				67C13FA91B74463800BAF456 /* Debug */,
				67C13FAA1B74463800BAF456 /* Release */,
			);
			defaultConfigurationIsVisible = 0;
			defaultConfigurationName = Release;
		};
		67C13FAB1B74463800BAF456 /* Build configuration list for PBXNativeTarget "PageTest" */ = {
			isa = XCConfigurationList;
			buildConfigurations = (
				67C13FAC1B74463800BAF456 /* Debug */,
				67C13FAD1B74463800BAF456 /* Release */,
			);
			defaultConfigurationIsVisible = 0;
		};
		67C13FAE1B74463800BAF456 /* Build configuration list for PBXNativeTarget "PageTestTests" */ = {
			isa = XCConfigurationList;
			buildConfigurations = (
				67C13FAF1B74463800BAF456 /* Debug */,
				67C13FB01B74463800BAF456 /* Release */,
			);
			defaultConfigurationIsVisible = 0;
		};
/* End XCConfigurationList section */
	};
	rootObject = 67C13F801B74463800BAF456 /* Project object */;
}
